<?xml version="1.0" encoding="utf-8"?>
<Project ToolsVersion="15.0" xmlns="http://schemas.microsoft.com/developer/msbuild/2003">
  <ItemGroup>
    <ClCompile Include="C:\GIT\projectm\src\libprojectM\MilkdropPresetFactory\BuiltinFuncs.cpp">
      <Filter>Source Files</Filter>
    </ClCompile>
    <ClCompile Include="C:\GIT\projectm\src\libprojectM\MilkdropPresetFactory\Func.cpp">
      <Filter>Source Files</Filter>
    </ClCompile>
    <ClCompile Include="C:\GIT\projectm\src\libprojectM\MilkdropPresetFactory\MilkdropPreset.cpp">
      <Filter>Source Files</Filter>
    </ClCompile>
    <ClCompile Include="C:\GIT\projectm\src\libprojectM\MilkdropPresetFactory\PresetFrameIO.cpp">
      <Filter>Source Files</Filter>
    </ClCompile>
    <ClCompile Include="C:\GIT\projectm\src\libprojectM\MilkdropPresetFactory\CustomShape.cpp">
      <Filter>Source Files</Filter>
    </ClCompile>
    <ClCompile Include="C:\GIT\projectm\src\libprojectM\MilkdropPresetFactory\Eval.cpp">
      <Filter>Source Files</Filter>
    </ClCompile>
    <ClCompile Include="C:\GIT\projectm\src\libprojectM\MilkdropPresetFactory\MilkdropPresetFactory.cpp">
      <Filter>Source Files</Filter>
    </ClCompile>
    <ClCompile Include="C:\GIT\projectm\src\libprojectM\MilkdropPresetFactory\PerPixelEqn.cpp">
      <Filter>Source Files</Filter>
    </ClCompile>
    <ClCompile Include="C:\GIT\projectm\src\libprojectM\MilkdropPresetFactory\BuiltinParams.cpp">
      <Filter>Source Files</Filter>
    </ClCompile>
    <ClCompile Include="C:\GIT\projectm\src\libprojectM\MilkdropPresetFactory\InitCond.cpp">
      <Filter>Source Files</Filter>
    </ClCompile>
    <ClCompile Include="C:\GIT\projectm\src\libprojectM\MilkdropPresetFactory\Parser.cpp">
      <Filter>Source Files</Filter>
    </ClCompile>
    <ClCompile Include="C:\GIT\projectm\src\libprojectM\MilkdropPresetFactory\CustomWave.cpp">
      <Filter>Source Files</Filter>
    </ClCompile>
    <ClCompile Include="C:\GIT\projectm\src\libprojectM\MilkdropPresetFactory\Expr.cpp">
      <Filter>Source Files</Filter>
    </ClCompile>
    <ClCompile Include="C:\GIT\projectm\src\libprojectM\MilkdropPresetFactory\PerPointEqn.cpp">
      <Filter>Source Files</Filter>
    </ClCompile>
    <ClCompile Include="C:\GIT\projectm\src\libprojectM\MilkdropPresetFactory\Param.cpp">
      <Filter>Source Files</Filter>
    </ClCompile>
    <ClCompile Include="C:\GIT\projectm\src\libprojectM\MilkdropPresetFactory\PerFrameEqn.cpp">
      <Filter>Source Files</Filter>
    </ClCompile>
    <ClCompile Include="C:\GIT\projectm\src\libprojectM\MilkdropPresetFactory\IdlePreset.cpp">
      <Filter>Source Files</Filter>
    </ClCompile>
    <ClCompile Include="C:\GIT\projectm\src\libprojectM\PresetFactory.cpp">
      <Filter>Source Files</Filter>
    </ClCompile>
  </ItemGroup>
  <ItemGroup>
    <ClInclude Include="C:\GIT\projectm\src\libprojectM\MilkdropPresetFactory\Param.hpp">
      <Filter>Header Files</Filter>
    </ClInclude>
  </ItemGroup>
  <ItemGroup>
    <CustomBuild Include="C:\GIT\projectm\src\libprojectM\MilkdropPresetFactory\CMakeLists.txt" />
  </ItemGroup>
  <ItemGroup>
    <Filter Include="Header Files">
      <UniqueIdentifier>{9FD8840E-C452-3595-B8BC-200CDF0F6BF9}</UniqueIdentifier>
    </Filter>
    <Filter Include="Source Files">
      <UniqueIdentifier>{086AAEDB-BC71-3D4F-A2E4-9BA153078E68}</UniqueIdentifier>
    </Filter>
  </ItemGroup>
</Project>
