<?xml version="1.0" encoding="utf-8"?>
<Project ToolsVersion="15.0" xmlns="http://schemas.microsoft.com/developer/msbuild/2003">
  <ItemGroup>
    <ClCompile Include="C:\GIT\projectm\build-win\projectm\projectM-qt\qrc_application.cpp">
      <Filter>Source Files</Filter>
    </ClCompile>
    <ClCompile Include="C:\GIT\projectm\build-win\projectm\projectM-qt\moc_qprojectm_mainwindow.cpp">
      <Filter>Source Files</Filter>
    </ClCompile>
    <ClCompile Include="C:\GIT\projectm\build-win\projectm\projectM-qt\moc_qpresetfiledialog.cpp">
      <Filter>Source Files</Filter>
    </ClCompile>
    <ClCompile Include="C:\GIT\projectm\build-win\projectm\projectM-qt\moc_qplaylistfiledialog.cpp">
      <Filter>Source Files</Filter>
    </ClCompile>
    <ClCompile Include="C:\GIT\projectm\build-win\projectm\projectM-qt\moc_qplaylistmodel.cpp">
      <Filter>Source Files</Filter>
    </ClCompile>
    <ClCompile Include="C:\GIT\projectm\build-win\projectm\projectM-qt\moc_qprojectmconfigdialog.cpp">
      <Filter>Source Files</Filter>
    </ClCompile>
    <ClCompile Include="C:\GIT\projectm\build-win\projectm\projectM-qt\moc_qplaylisttableview.cpp">
      <Filter>Source Files</Filter>
    </ClCompile>
    <ClCompile Include="C:\GIT\projectm\build-win\projectm\projectM-qt\moc_qpresettextedit.cpp">
      <Filter>Source Files</Filter>
    </ClCompile>
    <ClCompile Include="C:\GIT\projectm\build-win\projectm\projectM-qt\moc_qpreseteditordialog.cpp">
      <Filter>Source Files</Filter>
    </ClCompile>
    <ClCompile Include="C:\GIT\projectm\build-win\projectm\projectM-qt\moc_qprojectm.cpp">
      <Filter>Source Files</Filter>
    </ClCompile>
    <ClCompile Include="C:\GIT\projectm\build-win\projectm\projectM-qt\moc_qprojectmwidget.cpp">
      <Filter>Source Files</Filter>
    </ClCompile>
    <ClCompile Include="$(MSBuildThisFileDirectory)../src\projectM-qt\qprojectm_mainwindow.cpp" />
    <ClCompile Include="$(MSBuildThisFileDirectory)../src\projectM-qt\configfile.cpp" />
    <ClCompile Include="$(MSBuildThisFileDirectory)../src\projectM-qt\qplaylistfiledialog.cpp" />
    <ClCompile Include="$(MSBuildThisFileDirectory)../src\projectM-qt\qplaylistmodel.cpp" />
    <ClCompile Include="$(MSBuildThisFileDirectory)../src\projectM-qt\qprojectmconfigdialog.cpp" />
    <ClCompile Include="$(MSBuildThisFileDirectory)../src\projectM-qt\qpresettextedit.cpp" />
    <ClCompile Include="$(MSBuildThisFileDirectory)../src\projectM-qt\qpreseteditordialog.cpp" />
    <ClCompile Include="$(MSBuildThisFileDirectory)../src\projectM-qt\qprojectm_mainapp.cpp" />
  </ItemGroup>
  <ItemGroup>
    <ClInclude Include="C:\GIT\projectm\build-win\projectm\projectM-qt\ui_qprojectm_mainwindow.h">
      <Filter>Header Files</Filter>
    </ClInclude>
    <ClInclude Include="C:\GIT\projectm\build-win\projectm\projectM-qt\ui_qprojectmconfigdialog.h">
      <Filter>Header Files</Filter>
    </ClInclude>
    <ClInclude Include="C:\GIT\projectm\build-win\projectm\projectM-qt\ui_qpreseteditordialog.h">
      <Filter>Header Files</Filter>
    </ClInclude>
    <ClInclude Include="$(MSBuildThisFileDirectory)../src\projectM-qt\qprojectm_mainwindow.hpp" />
    <ClInclude Include="$(MSBuildThisFileDirectory)../src\projectM-qt\configfile.hpp" />
    <ClInclude Include="$(MSBuildThisFileDirectory)../src\projectM-qt\qpresetfiledialog.hpp" />
    <ClInclude Include="$(MSBuildThisFileDirectory)../src\projectM-qt\qplaylistfiledialog.hpp" />
    <ClInclude Include="$(MSBuildThisFileDirectory)../src\projectM-qt\qplaylistmodel.hpp" />
    <ClInclude Include="$(MSBuildThisFileDirectory)../src\projectM-qt\qxmlplaylisthandler.hpp" />
    <ClInclude Include="$(MSBuildThisFileDirectory)../src\projectM-qt\qprojectmconfigdialog.hpp" />
    <ClInclude Include="$(MSBuildThisFileDirectory)../src\projectM-qt\qplaylisttableview.hpp" />
    <ClInclude Include="$(MSBuildThisFileDirectory)../src\projectM-qt\qpresettextedit.hpp" />
    <ClInclude Include="$(MSBuildThisFileDirectory)../src\projectM-qt\qpreseteditordialog.hpp" />
    <ClInclude Include="$(MSBuildThisFileDirectory)../src\projectM-qt\qprojectm.hpp" />
    <ClInclude Include="$(MSBuildThisFileDirectory)../src\projectM-qt\qprojectmwidget.hpp" />
  </ItemGroup>
  <ItemGroup>
    <CustomBuild Include="C:\GIT\projectm\build-win\projectm\CMakeFiles\79cc4e7a331c122f5a3a312cde1aff55\moc_qprojectm_mainwindow.cpp.rule">
      <Filter>CMake Rules</Filter>
    </CustomBuild>
    <CustomBuild Include="C:\GIT\projectm\build-win\projectm\CMakeFiles\79cc4e7a331c122f5a3a312cde1aff55\moc_qpresetfiledialog.cpp.rule">
      <Filter>CMake Rules</Filter>
    </CustomBuild>
    <CustomBuild Include="C:\GIT\projectm\build-win\projectm\CMakeFiles\79cc4e7a331c122f5a3a312cde1aff55\moc_qplaylistfiledialog.cpp.rule">
      <Filter>CMake Rules</Filter>
    </CustomBuild>
    <CustomBuild Include="C:\GIT\projectm\build-win\projectm\CMakeFiles\79cc4e7a331c122f5a3a312cde1aff55\moc_qplaylistmodel.cpp.rule">
      <Filter>CMake Rules</Filter>
    </CustomBuild>
    <CustomBuild Include="C:\GIT\projectm\build-win\projectm\CMakeFiles\79cc4e7a331c122f5a3a312cde1aff55\moc_qprojectmconfigdialog.cpp.rule">
      <Filter>CMake Rules</Filter>
    </CustomBuild>
    <CustomBuild Include="C:\GIT\projectm\build-win\projectm\CMakeFiles\79cc4e7a331c122f5a3a312cde1aff55\moc_qplaylisttableview.cpp.rule">
      <Filter>CMake Rules</Filter>
    </CustomBuild>
    <CustomBuild Include="C:\GIT\projectm\build-win\projectm\CMakeFiles\79cc4e7a331c122f5a3a312cde1aff55\moc_qpresettextedit.cpp.rule">
      <Filter>CMake Rules</Filter>
    </CustomBuild>
    <CustomBuild Include="C:\GIT\projectm\build-win\projectm\CMakeFiles\79cc4e7a331c122f5a3a312cde1aff55\moc_qpreseteditordialog.cpp.rule">
      <Filter>CMake Rules</Filter>
    </CustomBuild>
    <CustomBuild Include="C:\GIT\projectm\build-win\projectm\CMakeFiles\79cc4e7a331c122f5a3a312cde1aff55\moc_qprojectm.cpp.rule">
      <Filter>CMake Rules</Filter>
    </CustomBuild>
    <CustomBuild Include="C:\GIT\projectm\build-win\projectm\CMakeFiles\79cc4e7a331c122f5a3a312cde1aff55\moc_qprojectmwidget.cpp.rule">
      <Filter>CMake Rules</Filter>
    </CustomBuild>
    <CustomBuild Include="$(MSBuildThisFileDirectory)../src\projectM-qt\application.qrc" />
    <CustomBuild Include="$(MSBuildThisFileDirectory)../src\projectM-qt\qprojectm_mainwindow.ui" />
    <CustomBuild Include="$(MSBuildThisFileDirectory)../src\projectM-qt\qprojectmconfigdialog.ui" />
    <CustomBuild Include="$(MSBuildThisFileDirectory)../src\projectM-qt\qpreseteditordialog.ui" />
    <CustomBuild Include="$(MSBuildThisFileDirectory)../src\projectM-qt\CMakeLists.txt" />
  </ItemGroup>
  <ItemGroup>
    <Filter Include="CMake Rules">
      <UniqueIdentifier>{61BB6D03-ACD9-3A99-B424-7A4B021C1B8F}</UniqueIdentifier>
    </Filter>
    <Filter Include="Header Files">
      <UniqueIdentifier>{9FD8840E-C452-3595-B8BC-200CDF0F6BF9}</UniqueIdentifier>
    </Filter>
    <Filter Include="Source Files">
      <UniqueIdentifier>{086AAEDB-BC71-3D4F-A2E4-9BA153078E68}</UniqueIdentifier>
    </Filter>
  </ItemGroup>
</Project>