<?xml version="1.0" encoding="utf-8"?>
<Project ToolsVersion="15.0" xmlns="http://schemas.microsoft.com/developer/msbuild/2003">
  <ItemGroup>
    <ClCompile Include="C:\GIT\projectm\src\libprojectM\Renderer\BeatDetect.cpp">
      <Filter>Source Files</Filter>
    </ClCompile>
    <ClCompile Include="C:\GIT\projectm\src\libprojectM\Renderer\Filters.cpp">
      <Filter>Source Files</Filter>
    </ClCompile>
    <ClCompile Include="C:\GIT\projectm\src\libprojectM\Renderer\MilkdropWaveform.cpp">
      <Filter>Source Files</Filter>
    </ClCompile>
    <ClCompile Include="C:\GIT\projectm\src\libprojectM\Renderer\PerlinNoise.cpp">
      <Filter>Source Files</Filter>
    </ClCompile>
    <ClCompile Include="C:\GIT\projectm\src\libprojectM\Renderer\PerPixelMesh.cpp">
      <Filter>Source Files</Filter>
    </ClCompile>
    <ClCompile Include="C:\GIT\projectm\src\libprojectM\Renderer\Pipeline.cpp">
      <Filter>Source Files</Filter>
    </ClCompile>
    <ClCompile Include="C:\GIT\projectm\src\libprojectM\Renderer\PipelineContext.cpp">
      <Filter>Source Files</Filter>
    </ClCompile>
    <ClCompile Include="C:\GIT\projectm\src\libprojectM\Renderer\Renderable.cpp">
      <Filter>Source Files</Filter>
    </ClCompile>
    <ClCompile Include="C:\GIT\projectm\src\libprojectM\Renderer\RenderContext.cpp">
      <Filter>Source Files</Filter>
    </ClCompile>
    <ClCompile Include="C:\GIT\projectm\src\libprojectM\Renderer\Renderer.cpp">
      <Filter>Source Files</Filter>
    </ClCompile>
    <ClCompile Include="C:\GIT\projectm\src\libprojectM\Renderer\RenderItemDistanceMetric.cpp">
      <Filter>Source Files</Filter>
    </ClCompile>
    <ClCompile Include="C:\GIT\projectm\src\libprojectM\Renderer\RenderItemMatcher.cpp">
      <Filter>Source Files</Filter>
    </ClCompile>
    <ClCompile Include="C:\GIT\projectm\src\libprojectM\Renderer\Shader.cpp">
      <Filter>Source Files</Filter>
    </ClCompile>
    <ClCompile Include="C:\GIT\projectm\src\libprojectM\Renderer\ShaderEngine.cpp">
      <Filter>Source Files</Filter>
    </ClCompile>
    <ClCompile Include="C:\GIT\projectm\src\libprojectM\Renderer\Texture.cpp">
      <Filter>Source Files</Filter>
    </ClCompile>
    <ClCompile Include="C:\GIT\projectm\src\libprojectM\Renderer\TextureManager.cpp">
      <Filter>Source Files</Filter>
    </ClCompile>
    <ClCompile Include="C:\GIT\projectm\src\libprojectM\Renderer\VideoEcho.cpp">
      <Filter>Source Files</Filter>
    </ClCompile>
    <ClCompile Include="C:\GIT\projectm\src\libprojectM\Renderer\Waveform.cpp">
      <Filter>Source Files</Filter>
    </ClCompile>
    <ClCompile Include="C:\GIT\projectm\src\libprojectM\KeyHandler.cpp">
      <Filter>Source Files</Filter>
    </ClCompile>
    <ClCompile Include="C:\GIT\projectm\src\libprojectM\Renderer\SOIL2\image_DXT.c">
      <Filter>Source Files</Filter>
    </ClCompile>
    <ClCompile Include="C:\GIT\projectm\src\libprojectM\Renderer\SOIL2\image_helper.c">
      <Filter>Source Files</Filter>
    </ClCompile>
    <ClCompile Include="C:\GIT\projectm\src\libprojectM\Renderer\SOIL2\SOIL2.c">
      <Filter>Source Files</Filter>
    </ClCompile>
    <ClCompile Include="C:\GIT\projectm\src\libprojectM\Renderer\SOIL2\etc1_utils.c">
      <Filter>Source Files</Filter>
    </ClCompile>
    <ClCompile Include="C:\GIT\projectm\src\libprojectM\Renderer\hlslparser\src\HLSLTree.cpp">
      <Filter>Source Files</Filter>
    </ClCompile>
    <ClCompile Include="C:\GIT\projectm\src\libprojectM\Renderer\hlslparser\src\CodeWriter.cpp">
      <Filter>Source Files</Filter>
    </ClCompile>
    <ClCompile Include="C:\GIT\projectm\src\libprojectM\Renderer\hlslparser\src\Engine.cpp">
      <Filter>Source Files</Filter>
    </ClCompile>
    <ClCompile Include="C:\GIT\projectm\src\libprojectM\Renderer\hlslparser\src\GLSLGenerator.cpp">
      <Filter>Source Files</Filter>
    </ClCompile>
    <ClCompile Include="C:\GIT\projectm\src\libprojectM\Renderer\hlslparser\src\HLSLParser.cpp">
      <Filter>Source Files</Filter>
    </ClCompile>
    <ClCompile Include="C:\GIT\projectm\src\libprojectM\Renderer\hlslparser\src\HLSLTokenizer.cpp">
      <Filter>Source Files</Filter>
    </ClCompile>
  </ItemGroup>
  <ItemGroup>
    <CustomBuild Include="C:\GIT\projectm\src\libprojectM\Renderer\CMakeLists.txt" />
  </ItemGroup>
  <ItemGroup>
    <Filter Include="Source Files">
      <UniqueIdentifier>{086AAEDB-BC71-3D4F-A2E4-9BA153078E68}</UniqueIdentifier>
    </Filter>
  </ItemGroup>
</Project>
