<?xml version="1.0" encoding="utf-8"?>
<Project ToolsVersion="4.0" xmlns="http://schemas.microsoft.com/developer/msbuild/2003">
  <ItemGroup>
    <ClCompile Include="WASAPICapture.cpp">
      <Filter>src</Filter>
    </ClCompile>
    <ClCompile Include="WASAPICaptureScenario.cpp">
      <Filter>src</Filter>
    </ClCompile>
    <ClCompile Include="EyeTuneApp.cpp">
      <Filter>src</Filter>
    </ClCompile>
  </ItemGroup>
  <ItemGroup>
    <ClInclude Include="WASAPICapture.h">
      <Filter>src</Filter>
    </ClInclude>
    <ClInclude Include="WASAPICaptureDeviceState.h">
      <Filter>src</Filter>
    </ClInclude>
    <ClInclude Include="WASAPICaptureCommon.h">
      <Filter>src</Filter>
    </ClInclude>
    <ClInclude Include="EyeTunePopUp.h">
      <Filter>src</Filter>
    </ClInclude>
    <ClInclude Include="EyeTunePlatformString.h">
      <Filter>src</Filter>
    </ClInclude>
    <ClInclude Include="EyeTuneApp.h">
      <Filter>src</Filter>
    </ClInclude>
  </ItemGroup>
  <ItemGroup>
    <Image Include="Assets\Logo.png">
      <Filter>Assets</Filter>
    </Image>
    <Image Include="Assets\SmallLogo.png">
      <Filter>Assets</Filter>
    </Image>
    <Image Include="Assets\SplashScreen.png">
      <Filter>Assets</Filter>
    </Image>
    <Image Include="Assets\StoreLogo.png">
      <Filter>Assets</Filter>
    </Image>
    <Image Include="Assets\WideLogo.png">
      <Filter>Assets</Filter>
    </Image>
  </ItemGroup>
  <ItemGroup>
    <None Include="Assets\eyetune.psd">
      <Filter>Assets</Filter>
    </None>
    <None Include="Assets\Logo.psd">
      <Filter>Assets</Filter>
    </None>
    <None Include="Assets\SmallLogo.psd">
      <Filter>Assets</Filter>
    </None>
    <None Include="Assets\SplashScreen.psd">
      <Filter>Assets</Filter>
    </None>
    <None Include="Assets\StoreLogo.psd">
      <Filter>Assets</Filter>
    </None>
    <None Include="Assets\WideLogo.psd">
      <Filter>Assets</Filter>
    </None>
    <None Include="presets\UWP.milk">
      <Filter>presets</Filter>
    </None>
    <None Include="..\..\..\presets\presets_tryptonaut\Adam Eatit Mashup FX 2 martin - disco mix + Lodus + Geiss + Ludicrous speed + Baked Ft another AdamFX Mashup 7_1.milk">
      <Filter>presets</Filter>
    </None>
    <None Include="..\..\..\presets\presets_tryptonaut\fed - slowfast 1.1 (geiss composite remix).milk">
      <Filter>presets</Filter>
    </None>
    <None Include="..\..\..\presets\presets_tryptonaut\fiShbRaiN - toffee cream and icing sugar.milk">
      <Filter>presets</Filter>
    </None>
    <None Include="..\..\..\presets\presets_tryptonaut\Flexi - supersonic.milk">
      <Filter>presets</Filter>
    </None>
    <None Include="..\..\..\presets\presets_tryptonaut\Fvese - Snowflake Like 2.milk">
      <Filter>presets</Filter>
    </None>
    <None Include="..\..\..\presets\presets_tryptonaut\Fvese - The Tunnel (Final Stage Mix).milk">
      <Filter>presets</Filter>
    </None>
    <None Include="..\..\..\presets\presets_tryptonaut\Geiss - Luz.milk">
      <Filter>presets</Filter>
    </None>
    <None Include="..\..\..\presets\presets_tryptonaut\Geiss - Mega Swirl 3.milk">
      <Filter>presets</Filter>
    </None>
    <None Include="..\..\..\presets\presets_tryptonaut\Goody - Vertigo.milk">
      <Filter>presets</Filter>
    </None>
    <None Include="..\..\..\presets\presets_tryptonaut\hexcollie - Alex2.milk">
      <Filter>presets</Filter>
    </None>
    <None Include="..\..\..\presets\presets_tryptonaut\martin - soma in pink.milk">
      <Filter>presets</Filter>
    </None>
    <None Include="..\..\..\presets\presets_tryptonaut\martin - sparky caleidoscope.milk">
      <Filter>presets</Filter>
    </None>
    <None Include="..\..\..\presets\presets_tryptonaut\New Creation Sensation -  AdamFx,Flexi,Amandio c n Martin - Star to Another World ft Hexocollie  n Shadow Harlequin n Geiss B.milk">
      <Filter>presets</Filter>
    </None>
    <None Include="..\..\..\presets\presets_tryptonaut\ORB - Acid Cycle Gas Giant.milk">
      <Filter>presets</Filter>
    </None>
    <None Include="..\..\..\presets\presets_tryptonaut\ORB - Mega Spectrum.milk">
      <Filter>presets</Filter>
    </None>
    <None Include="..\..\..\presets\presets_tryptonaut\ORB - Nova Sunrise.milk">
      <Filter>presets</Filter>
    </None>
    <None Include="..\..\..\presets\presets_tryptonaut\ORB - Saturns Rings.milk">
      <Filter>presets</Filter>
    </None>
    <None Include="..\..\..\presets\presets_tryptonaut\NeW Adam Master Mashup FX 2 Geiss and Zylot - Reaction Diffusion 3 (Overload Mix 2) AMAZING MASUP .milk">
      <Filter>presets</Filter>
    </None>
    <None Include="..\..\..\presets\presets_tryptonaut\phat_It'sJustNumbers_remix3.milk">
      <Filter>presets</Filter>
    </None>
    <None Include="..\..\..\presets\presets_tryptonaut\Rovastar - VooV's Movement.milk">
      <Filter>presets</Filter>
    </None>
    <None Include="..\..\..\presets\presets_tryptonaut\Rovastar %26 StudioMusic - More Cherished Desires.milk">
      <Filter>presets</Filter>
    </None>
    <None Include="..\..\..\presets\presets_tryptonaut\Stahlregen %26 fiSHbRaiN + flexi + Geiss + shifter - Stonecraft (Beetle Relief mix).milk">
      <Filter>presets</Filter>
    </None>
    <None Include="..\..\..\presets\presets_tryptonaut\Stahlregen %26 flexi + Geiss + martin + Rovastar - Tides (martin's metallics).milk">
      <Filter>presets</Filter>
    </None>
    <None Include="..\..\..\presets\presets_tryptonaut\Stahlregen %26 Geiss + TobiasWolfBoi - Space Gelatin (Color Xplosion).milk">
      <Filter>presets</Filter>
    </None>
    <None Include="..\..\..\presets\presets_tryptonaut\Stahlregen + Geiss + Martin - Ouboros (Metal Finish 2).milk">
      <Filter>presets</Filter>
    </None>
    <None Include="..\..\..\presets\presets_tryptonaut\StudioMusic Aderrasi %26 nil - LA movement (Intellectual Sens.milk">
      <Filter>presets</Filter>
    </None>
    <None Include="..\..\..\presets\presets_tryptonaut\TEcHNO and SandStorm - Psychodelic Highway.milk">
      <Filter>presets</Filter>
    </None>
    <None Include="..\..\..\presets\presets_tryptonaut\Telek - Flicker (@xis).milk">
      <Filter>presets</Filter>
    </None>
    <None Include="..\..\..\presets\presets_tryptonaut\Unchained - Perverted Dialect.milk">
      <Filter>presets</Filter>
    </None>
    <None Include="..\..\..\presets\presets_tryptonaut\Zylot - Inside The Planar Portal.milk">
      <Filter>presets</Filter>
    </None>
    <None Include="..\..\..\presets\presets_tryptonaut\Zylot - The Deeper.milk">
      <Filter>presets</Filter>
    </None>
    <None Include="EyeTune.WindowsUniversal.Application_StoreKey.pfx">
      <Filter>package</Filter>
    </None>
    <None Include="EyeTune.WindowsUniversal.Application_TemporaryKey.pfx">
      <Filter>package</Filter>
    </None>
    <None Include="EyeTune_TemporaryKey.pfx">
      <Filter>package</Filter>
    </None>
    <None Include="Package.StoreAssociation.xml">
      <Filter>package</Filter>
    </None>
    <None Include="packages.config">
      <Filter>package</Filter>
    </None>
  </ItemGroup>
  <ItemGroup>
    <Filter Include="Assets">
      <UniqueIdentifier>{60ab69da-03c4-4f82-bf1f-682f1d7dac0d}</UniqueIdentifier>
    </Filter>
    <Filter Include="src">
      <UniqueIdentifier>{b3d1eca9-3162-463a-bf1a-76025dca1ba0}</UniqueIdentifier>
    </Filter>
    <Filter Include="presets">
      <UniqueIdentifier>{7a1ffde6-ec51-4715-a293-20dae50255ff}</UniqueIdentifier>
    </Filter>
    <Filter Include="package">
      <UniqueIdentifier>{cdd5ddcd-e49d-4fa3-9984-499af3bb9b8b}</UniqueIdentifier>
    </Filter>
  </ItemGroup>
  <ItemGroup>
    <AppxManifest Include="Package.appxmanifest">
      <Filter>package</Filter>
    </AppxManifest>
  </ItemGroup>
</Project>