// !$*UTF8*$!
{
	archiveVersion = 1;
	classes = {
	};
	objectVersion = 46;
	objects = {

/* Begin PBXBuildFile section */
		C34E81141956D096001AC5B5 /* libRenderer.a in Frameworks */ = {isa = PBXBuildFile; fileRef = C34E81131956D096001AC5B5 /* libRenderer.a */; };
		C34E81171956D0AC001AC5B5 /* libMilkdropPresetFactory.a in Frameworks */ = {isa = PBXBuildFile; fileRef = C34E81151956D0AC001AC5B5 /* libMilkdropPresetFactory.a */; };
		C34E81181956D0AC001AC5B5 /* libNativePresetFactory.a in Frameworks */ = {isa = PBXBuildFile; fileRef = C34E81161956D0AC001AC5B5 /* libNativePresetFactory.a */; };
		C34E811C1956D0D4001AC5B5 /* libz.a in Frameworks */ = {isa = PBXBuildFile; fileRef = C34E811B1956D0D4001AC5B5 /* libz.a */; };
		C34E811E1956D0D6001AC5B5 /* libpng15.a in Frameworks */ = {isa = PBXBuildFile; fileRef = C34E811D1956D0D6001AC5B5 /* libpng15.a */; };
		C34E81201956D0D8001AC5B5 /* libftgl.a in Frameworks */ = {isa = PBXBuildFile; fileRef = C34E811F1956D0D8001AC5B5 /* libftgl.a */; };
		C34E81221956D0D9001AC5B5 /* libfreetype.a in Frameworks */ = {isa = PBXBuildFile; fileRef = C34E81211956D0D9001AC5B5 /* libfreetype.a */; };
		C34E81241956D0DA001AC5B5 /* libbz2.a in Frameworks */ = {isa = PBXBuildFile; fileRef = C34E81231956D0DA001AC5B5 /* libbz2.a */; };
		C37822041956D90D0058A694 /* libprojectM.a in Frameworks */ = {isa = PBXBuildFile; fileRef = C3FAE59C17B88BF800F4B110 /* libprojectM.a */; };
		C37EBD2C19A0112900220265 /* Cocoa.framework in Frameworks */ = {isa = PBXBuildFile; fileRef = C3F9D7B217B82CC3009E58CB /* Cocoa.framework */; };
		C37EBD3219A0112900220265 /* InfoPlist.strings in Resources */ = {isa = PBXBuildFile; fileRef = C37EBD3019A0112900220265 /* InfoPlist.strings */; };
		C37EBD3419A0112900220265 /* main.m in Sources */ = {isa = PBXBuildFile; fileRef = C37EBD3319A0112900220265 /* main.m */; };
		C37EBD3819A0112900220265 /* Credits.rtf in Resources */ = {isa = PBXBuildFile; fileRef = C37EBD3619A0112900220265 /* Credits.rtf */; };
		C37EBD3B19A0112900220265 /* AppDelegate.m in Sources */ = {isa = PBXBuildFile; fileRef = C37EBD3A19A0112900220265 /* AppDelegate.m */; };
		C37EBD3E19A0112900220265 /* MainMenu.xib in Resources */ = {isa = PBXBuildFile; fileRef = C37EBD3C19A0112900220265 /* MainMenu.xib */; };
		C37EBD4019A0112900220265 /* Images.xcassets in Resources */ = {isa = PBXBuildFile; fileRef = C37EBD3F19A0112900220265 /* Images.xcassets */; };
		C37EBD5B19A0118600220265 /* iProjectM.pkg in Resources */ = {isa = PBXBuildFile; fileRef = C37EBD5A19A0118600220265 /* iProjectM.pkg */; };
		C37EBD5D19A0146F00220265 /* images in Resources */ = {isa = PBXBuildFile; fileRef = C37EBD5C19A0146F00220265 /* images */; };
		C37EBD5F19A0164400220265 /* selectViz.png in Resources */ = {isa = PBXBuildFile; fileRef = C37EBD5E19A0164400220265 /* selectViz.png */; };
		C38E8C881B1A12540029901E /* Preferences.xib in Resources */ = {isa = PBXBuildFile; fileRef = C38E8C871B1A12540029901E /* Preferences.xib */; };
		C38E8C8B1B1A13AE0029901E /* Preferences.m in Sources */ = {isa = PBXBuildFile; fileRef = C38E8C8A1B1A13AE0029901E /* Preferences.m */; };
		C38E8C8E1B1A14470029901E /* AudioInputDeviceList.m in Sources */ = {isa = PBXBuildFile; fileRef = C38E8C8D1B1A14470029901E /* AudioInputDeviceList.m */; };
		C3C24435195764870021FCD4 /* libGLEW.a in Frameworks */ = {isa = PBXBuildFile; fileRef = C3C24434195764870021FCD4 /* libGLEW.a */; };
		C3F9D7B317B82CC3009E58CB /* Cocoa.framework in Frameworks */ = {isa = PBXBuildFile; fileRef = C3F9D7B217B82CC3009E58CB /* Cocoa.framework */; };
		C3F9D7CF17B831F3009E58CB /* OpenGL.framework in Frameworks */ = {isa = PBXBuildFile; fileRef = C3F9D7CE17B831F3009E58CB /* OpenGL.framework */; };
		C3F9D7D317B83CCB009E58CB /* iprojectM_mac.mm in Sources */ = {isa = PBXBuildFile; fileRef = C3F9D7D017B83CCB009E58CB /* iprojectM_mac.mm */; };
		C3F9D7D417B83CCB009E58CB /* iprojectM.mm in Sources */ = {isa = PBXBuildFile; fileRef = C3F9D7D217B83CCB009E58CB /* iprojectM.mm */; };
		C3F9D7D917B83CF1009E58CB /* iTunesAPI.cpp in Sources */ = {isa = PBXBuildFile; fileRef = C3F9D7D617B83CF1009E58CB /* iTunesAPI.cpp */; };
		C3FAE59217B87D8700F4B110 /* getConfigFilename.cpp in Sources */ = {isa = PBXBuildFile; fileRef = C3FAE59017B87D8700F4B110 /* getConfigFilename.cpp */; };
		C3FAE5AA17B898C200F4B110 /* iProjectM-pkg.plist in plist */ = {isa = PBXBuildFile; fileRef = C3FAE5A717B898B000F4B110 /* iProjectM-pkg.plist */; };
		C3FAF97717B89F7400F4B110 /* shaders in share */ = {isa = PBXBuildFile; fileRef = C3FAF97617B89F7200F4B110 /* shaders */; };
		C3FAF97817B89F7B00F4B110 /* config.inp in share */ = {isa = PBXBuildFile; fileRef = C3FAF97517B89F7200F4B110 /* config.inp */; };
		C3FAF97B17B8A45200F4B110 /* fonts in share */ = {isa = PBXBuildFile; fileRef = C3FAF97917B8A43B00F4B110 /* fonts */; };
/* End PBXBuildFile section */

/* Begin PBXContainerItemProxy section */
		169501421F6EC5E6008FAF86 /* PBXContainerItemProxy */ = {
			isa = PBXContainerItemProxy;
			containerPortal = 1695013E1F6EC5E5008FAF86 /* libprojectM.xcodeproj */;
			proxyType = 2;
			remoteGlobalIDString = 169501301F6EC5E5008FAF86;
			remoteInfo = libprojectM;
		};
/* End PBXContainerItemProxy section */

/* Begin PBXCopyFilesBuildPhase section */
		C3C24430195764660021FCD4 /* Copy Files */ = {
			isa = PBXCopyFilesBuildPhase;
			buildActionMask = 2147483647;
			dstPath = "";
			dstSubfolderSpec = 10;
			files = (
			);
			name = "Copy Files";
			runOnlyForDeploymentPostprocessing = 0;
		};
		C3FAE5A917B898BB00F4B110 /* plist */ = {
			isa = PBXCopyFilesBuildPhase;
			buildActionMask = 2147483647;
			dstPath = "";
			dstSubfolderSpec = 16;
			files = (
				C3FAE5AA17B898C200F4B110 /* iProjectM-pkg.plist in plist */,
			);
			name = plist;
			runOnlyForDeploymentPostprocessing = 0;
		};
		C3FAF97317B89F1700F4B110 /* share */ = {
			isa = PBXCopyFilesBuildPhase;
			buildActionMask = 2147483647;
			dstPath = share;
			dstSubfolderSpec = 16;
			files = (
				C3FAF97717B89F7400F4B110 /* shaders in share */,
				C3FAF97B17B8A45200F4B110 /* fonts in share */,
				C3FAF97817B89F7B00F4B110 /* config.inp in share */,
			);
			name = share;
			runOnlyForDeploymentPostprocessing = 0;
		};
/* End PBXCopyFilesBuildPhase section */

/* Begin PBXFileReference section */
		1695013E1F6EC5E5008FAF86 /* libprojectM.xcodeproj */ = {isa = PBXFileReference; lastKnownFileType = "wrapper.pb-project"; name = libprojectM.xcodeproj; path = ../libprojectM/libprojectM/libprojectM.xcodeproj; sourceTree = "<group>"; };
		C34E810E1956CD2F001AC5B5 /* libstdc++.dylib */ = {isa = PBXFileReference; lastKnownFileType = "compiled.mach-o.dylib"; name = "libstdc++.dylib"; path = "usr/lib/libstdc++.dylib"; sourceTree = SDKROOT; };
		C34E81101956CD3A001AC5B5 /* libc++.dylib */ = {isa = PBXFileReference; lastKnownFileType = "compiled.mach-o.dylib"; name = "libc++.dylib"; path = "usr/lib/libc++.dylib"; sourceTree = SDKROOT; };
		C34E81131956D096001AC5B5 /* libRenderer.a */ = {isa = PBXFileReference; lastKnownFileType = archive.ar; name = libRenderer.a; path = ../libprojectM/Renderer/libRenderer.a; sourceTree = SOURCE_ROOT; };
		C34E81151956D0AC001AC5B5 /* libMilkdropPresetFactory.a */ = {isa = PBXFileReference; lastKnownFileType = archive.ar; name = libMilkdropPresetFactory.a; path = ../libprojectM/MilkdropPresetFactory/libMilkdropPresetFactory.a; sourceTree = SOURCE_ROOT; };
		C34E81161956D0AC001AC5B5 /* libNativePresetFactory.a */ = {isa = PBXFileReference; lastKnownFileType = archive.ar; name = libNativePresetFactory.a; path = ../libprojectM/NativePresetFactory/libNativePresetFactory.a; sourceTree = SOURCE_ROOT; };
		C34E81191956D0C3001AC5B5 /* contrib */ = {isa = PBXFileReference; lastKnownFileType = folder; name = contrib; path = macos/contrib; sourceTree = "<group>"; };
		C34E811B1956D0D4001AC5B5 /* libz.a */ = {isa = PBXFileReference; lastKnownFileType = archive.ar; name = libz.a; path = macos/contrib/libz.a; sourceTree = "<group>"; };
		C34E811D1956D0D6001AC5B5 /* libpng15.a */ = {isa = PBXFileReference; lastKnownFileType = archive.ar; name = libpng15.a; path = macos/contrib/libpng15.a; sourceTree = "<group>"; };
		C34E811F1956D0D8001AC5B5 /* libftgl.a */ = {isa = PBXFileReference; lastKnownFileType = archive.ar; name = libftgl.a; path = macos/contrib/libftgl.a; sourceTree = "<group>"; };
		C34E81211956D0D9001AC5B5 /* libfreetype.a */ = {isa = PBXFileReference; lastKnownFileType = archive.ar; name = libfreetype.a; path = macos/contrib/libfreetype.a; sourceTree = "<group>"; };
		C34E81231956D0DA001AC5B5 /* libbz2.a */ = {isa = PBXFileReference; lastKnownFileType = archive.ar; name = libbz2.a; path = macos/contrib/libbz2.a; sourceTree = "<group>"; };
		C37821FF1956D82A0058A694 /* libc++.1.dylib */ = {isa = PBXFileReference; lastKnownFileType = "compiled.mach-o.dylib"; name = "libc++.1.dylib"; path = "usr/lib/libc++.1.dylib"; sourceTree = SDKROOT; };
		C37EBD2B19A0112900220265 /* projectM Visualizer.app */ = {isa = PBXFileReference; explicitFileType = wrapper.application; includeInIndex = 0; path = "projectM Visualizer.app"; sourceTree = BUILT_PRODUCTS_DIR; };
		C37EBD2F19A0112900220265 /* projectM Visualizer-Info.plist */ = {isa = PBXFileReference; lastKnownFileType = text.plist.xml; path = "projectM Visualizer-Info.plist"; sourceTree = "<group>"; };
		C37EBD3119A0112900220265 /* en */ = {isa = PBXFileReference; lastKnownFileType = text.plist.strings; name = en; path = en.lproj/InfoPlist.strings; sourceTree = "<group>"; };
		C37EBD3319A0112900220265 /* main.m */ = {isa = PBXFileReference; lastKnownFileType = sourcecode.c.objc; path = main.m; sourceTree = "<group>"; };
		C37EBD3519A0112900220265 /* projectM Visualizer-Prefix.pch */ = {isa = PBXFileReference; lastKnownFileType = sourcecode.c.h; path = "projectM Visualizer-Prefix.pch"; sourceTree = "<group>"; };
		C37EBD3719A0112900220265 /* en */ = {isa = PBXFileReference; lastKnownFileType = text.rtf; name = en; path = en.lproj/Credits.rtf; sourceTree = "<group>"; };
		C37EBD3919A0112900220265 /* AppDelegate.h */ = {isa = PBXFileReference; lastKnownFileType = sourcecode.c.h; path = AppDelegate.h; sourceTree = "<group>"; };
		C37EBD3A19A0112900220265 /* AppDelegate.m */ = {isa = PBXFileReference; lastKnownFileType = sourcecode.c.objc; path = AppDelegate.m; sourceTree = "<group>"; };
		C37EBD3D19A0112900220265 /* Base */ = {isa = PBXFileReference; lastKnownFileType = file.xib; name = Base; path = Base.lproj/MainMenu.xib; sourceTree = "<group>"; };
		C37EBD3F19A0112900220265 /* Images.xcassets */ = {isa = PBXFileReference; lastKnownFileType = folder.assetcatalog; path = Images.xcassets; sourceTree = "<group>"; };
		C37EBD4619A0112900220265 /* XCTest.framework */ = {isa = PBXFileReference; lastKnownFileType = wrapper.framework; name = XCTest.framework; path = Library/Frameworks/XCTest.framework; sourceTree = DEVELOPER_DIR; };
		C37EBD5A19A0118600220265 /* iProjectM.pkg */ = {isa = PBXFileReference; lastKnownFileType = text; path = iProjectM.pkg; sourceTree = "<group>"; };
		C37EBD5C19A0146F00220265 /* images */ = {isa = PBXFileReference; lastKnownFileType = folder; name = images; path = ../images; sourceTree = "<group>"; };
		C37EBD5E19A0164400220265 /* selectViz.png */ = {isa = PBXFileReference; lastKnownFileType = image.png; name = selectViz.png; path = images/selectViz.png; sourceTree = "<group>"; };
		C37EBD6019A01BEE00220265 /* projectM Visualizer.entitlements */ = {isa = PBXFileReference; lastKnownFileType = text.xml; path = "projectM Visualizer.entitlements"; sourceTree = "<group>"; };
		C38212791A5A2114002A8D78 /* gles_conv.txt */ = {isa = PBXFileReference; fileEncoding = 4; lastKnownFileType = text; path = gles_conv.txt; sourceTree = "<group>"; };
		C38E8C871B1A12540029901E /* Preferences.xib */ = {isa = PBXFileReference; fileEncoding = 4; lastKnownFileType = file.xib; path = Preferences.xib; sourceTree = "<group>"; };
		C38E8C891B1A13AE0029901E /* Preferences.h */ = {isa = PBXFileReference; fileEncoding = 4; lastKnownFileType = sourcecode.c.h; path = Preferences.h; sourceTree = "<group>"; };
		C38E8C8A1B1A13AE0029901E /* Preferences.m */ = {isa = PBXFileReference; fileEncoding = 4; lastKnownFileType = sourcecode.c.objc; path = Preferences.m; sourceTree = "<group>"; };
		C38E8C8C1B1A14470029901E /* AudioInputDeviceList.h */ = {isa = PBXFileReference; fileEncoding = 4; lastKnownFileType = sourcecode.c.h; path = AudioInputDeviceList.h; sourceTree = "<group>"; };
		C38E8C8D1B1A14470029901E /* AudioInputDeviceList.m */ = {isa = PBXFileReference; fileEncoding = 4; lastKnownFileType = sourcecode.c.objc; path = AudioInputDeviceList.m; sourceTree = "<group>"; };
		C3C24434195764870021FCD4 /* libGLEW.a */ = {isa = PBXFileReference; lastKnownFileType = archive.ar; name = libGLEW.a; path = macos/contrib/libGLEW.a; sourceTree = "<group>"; };
		C3F9D7AF17B82CC3009E58CB /* iProjectM.bundle */ = {isa = PBXFileReference; explicitFileType = wrapper.cfbundle; includeInIndex = 0; path = iProjectM.bundle; sourceTree = BUILT_PRODUCTS_DIR; };
		C3F9D7B217B82CC3009E58CB /* Cocoa.framework */ = {isa = PBXFileReference; lastKnownFileType = wrapper.framework; name = Cocoa.framework; path = System/Library/Frameworks/Cocoa.framework; sourceTree = SDKROOT; };
		C3F9D7B517B82CC3009E58CB /* AppKit.framework */ = {isa = PBXFileReference; lastKnownFileType = wrapper.framework; name = AppKit.framework; path = System/Library/Frameworks/AppKit.framework; sourceTree = SDKROOT; };
		C3F9D7B617B82CC3009E58CB /* CoreData.framework */ = {isa = PBXFileReference; lastKnownFileType = wrapper.framework; name = CoreData.framework; path = System/Library/Frameworks/CoreData.framework; sourceTree = SDKROOT; };
		C3F9D7B717B82CC3009E58CB /* Foundation.framework */ = {isa = PBXFileReference; lastKnownFileType = wrapper.framework; name = Foundation.framework; path = System/Library/Frameworks/Foundation.framework; sourceTree = SDKROOT; };
		C3F9D7CE17B831F3009E58CB /* OpenGL.framework */ = {isa = PBXFileReference; lastKnownFileType = wrapper.framework; name = OpenGL.framework; path = System/Library/Frameworks/OpenGL.framework; sourceTree = SDKROOT; };
		C3F9D7D017B83CCB009E58CB /* iprojectM_mac.mm */ = {isa = PBXFileReference; fileEncoding = 4; lastKnownFileType = sourcecode.cpp.objcpp; path = iprojectM_mac.mm; sourceTree = "<group>"; };
		C3F9D7D117B83CCB009E58CB /* iprojectM.hpp */ = {isa = PBXFileReference; fileEncoding = 4; lastKnownFileType = sourcecode.cpp.h; path = iprojectM.hpp; sourceTree = "<group>"; };
		C3F9D7D217B83CCB009E58CB /* iprojectM.mm */ = {isa = PBXFileReference; fileEncoding = 4; lastKnownFileType = sourcecode.cpp.objcpp; path = iprojectM.mm; sourceTree = "<group>"; };
		C3F9D7D617B83CF1009E58CB /* iTunesAPI.cpp */ = {isa = PBXFileReference; fileEncoding = 4; lastKnownFileType = sourcecode.cpp.cpp; path = iTunesAPI.cpp; sourceTree = "<group>"; };
		C3F9D7D717B83CF1009E58CB /* iTunesAPI.h */ = {isa = PBXFileReference; fileEncoding = 4; lastKnownFileType = sourcecode.c.h; path = iTunesAPI.h; sourceTree = "<group>"; };
		C3F9D7D817B83CF1009E58CB /* iTunesVisualAPI.h */ = {isa = PBXFileReference; fileEncoding = 4; lastKnownFileType = sourcecode.c.h; path = iTunesVisualAPI.h; sourceTree = "<group>"; };
		C3FAE59017B87D8700F4B110 /* getConfigFilename.cpp */ = {isa = PBXFileReference; fileEncoding = 4; lastKnownFileType = sourcecode.cpp.cpp; path = getConfigFilename.cpp; sourceTree = "<group>"; };
		C3FAE59117B87D8700F4B110 /* getConfigFilename.h */ = {isa = PBXFileReference; fileEncoding = 4; lastKnownFileType = sourcecode.c.h; path = getConfigFilename.h; sourceTree = "<group>"; };
		C3FAE59A17B88B9000F4B110 /* projectM Visualizer-Info.plist */ = {isa = PBXFileReference; fileEncoding = 4; lastKnownFileType = text.plist.xml; path = "projectM Visualizer-Info.plist"; sourceTree = "<group>"; };
		C3FAE59C17B88BF800F4B110 /* libprojectM.a */ = {isa = PBXFileReference; lastKnownFileType = archive.ar; name = libprojectM.a; path = ../libprojectM/libprojectM.a; sourceTree = SOURCE_ROOT; };
		C3FAE5A717B898B000F4B110 /* iProjectM-pkg.plist */ = {isa = PBXFileReference; fileEncoding = 4; lastKnownFileType = text.plist.xml; path = "iProjectM-pkg.plist"; sourceTree = SOURCE_ROOT; };
		C3FAF97517B89F7200F4B110 /* config.inp */ = {isa = PBXFileReference; fileEncoding = 4; lastKnownFileType = text; path = config.inp; sourceTree = "<group>"; };
		C3FAF97617B89F7200F4B110 /* shaders */ = {isa = PBXFileReference; lastKnownFileType = folder; path = shaders; sourceTree = "<group>"; };
		C3FAF97917B8A43B00F4B110 /* fonts */ = {isa = PBXFileReference; lastKnownFileType = folder; name = fonts; path = ../../fonts; sourceTree = "<group>"; };
/* End PBXFileReference section */

/* Begin PBXFrameworksBuildPhase section */
		C37EBD2819A0112900220265 /* Frameworks */ = {
			isa = PBXFrameworksBuildPhase;
			buildActionMask = 2147483647;
			files = (
				C37EBD2C19A0112900220265 /* Cocoa.framework in Frameworks */,
			);
			runOnlyForDeploymentPostprocessing = 0;
		};
		C3F9D7AC17B82CC3009E58CB /* Frameworks */ = {
			isa = PBXFrameworksBuildPhase;
			buildActionMask = 2147483647;
			files = (
				C3C24435195764870021FCD4 /* libGLEW.a in Frameworks */,
				C37822041956D90D0058A694 /* libprojectM.a in Frameworks */,
				C34E81241956D0DA001AC5B5 /* libbz2.a in Frameworks */,
				C34E81221956D0D9001AC5B5 /* libfreetype.a in Frameworks */,
				C34E81201956D0D8001AC5B5 /* libftgl.a in Frameworks */,
				C34E811E1956D0D6001AC5B5 /* libpng15.a in Frameworks */,
				C34E811C1956D0D4001AC5B5 /* libz.a in Frameworks */,
				C3F9D7CF17B831F3009E58CB /* OpenGL.framework in Frameworks */,
				C3F9D7B317B82CC3009E58CB /* Cocoa.framework in Frameworks */,
				C34E81181956D0AC001AC5B5 /* libNativePresetFactory.a in Frameworks */,
				C34E81141956D096001AC5B5 /* libRenderer.a in Frameworks */,
				C34E81171956D0AC001AC5B5 /* libMilkdropPresetFactory.a in Frameworks */,
			);
			runOnlyForDeploymentPostprocessing = 0;
		};
/* End PBXFrameworksBuildPhase section */

/* Begin PBXGroup section */
		1695013F1F6EC5E5008FAF86 /* Products */ = {
			isa = PBXGroup;
			children = (
				169501431F6EC5E6008FAF86 /* liblibprojectM.a */,
			);
			name = Products;
			sourceTree = "<group>";
		};
		C37EBD2D19A0112900220265 /* projectM Visualizer */ = {
			isa = PBXGroup;
			children = (
				C37EBD6019A01BEE00220265 /* projectM Visualizer.entitlements */,
				C37EBD5C19A0146F00220265 /* images */,
				C37EBD3919A0112900220265 /* AppDelegate.h */,
				C37EBD3A19A0112900220265 /* AppDelegate.m */,
				C37EBD3C19A0112900220265 /* MainMenu.xib */,
				C38E8C871B1A12540029901E /* Preferences.xib */,
				C37EBD3F19A0112900220265 /* Images.xcassets */,
				C37EBD2E19A0112900220265 /* Supporting Files */,
				C38E8C891B1A13AE0029901E /* Preferences.h */,
				C38E8C8A1B1A13AE0029901E /* Preferences.m */,
				C38E8C8C1B1A14470029901E /* AudioInputDeviceList.h */,
				C38E8C8D1B1A14470029901E /* AudioInputDeviceList.m */,
			);
			path = "projectM Visualizer";
			sourceTree = "<group>";
		};
		C37EBD2E19A0112900220265 /* Supporting Files */ = {
			isa = PBXGroup;
			children = (
				C37EBD2F19A0112900220265 /* projectM Visualizer-Info.plist */,
				C37EBD3019A0112900220265 /* InfoPlist.strings */,
				C37EBD3319A0112900220265 /* main.m */,
				C37EBD3519A0112900220265 /* projectM Visualizer-Prefix.pch */,
				C37EBD3619A0112900220265 /* Credits.rtf */,
			);
			name = "Supporting Files";
			sourceTree = "<group>";
		};
		C3F9D7A617B82CC3009E58CB = {
			isa = PBXGroup;
			children = (
				1695013E1F6EC5E5008FAF86 /* libprojectM.xcodeproj */,
				C38212791A5A2114002A8D78 /* gles_conv.txt */,
				C37EBD5E19A0164400220265 /* selectViz.png */,
				C37EBD5A19A0118600220265 /* iProjectM.pkg */,
				C34E81191956D0C3001AC5B5 /* contrib */,
				C3FAF97A17B8A44100F4B110 /* share */,
				C3FAE5A417B88C5B00F4B110 /* libprojectM */,
				C3FAE59917B88B9000F4B110 /* iProjectM */,
				C3FAE59017B87D8700F4B110 /* getConfigFilename.cpp */,
				C3FAE59117B87D8700F4B110 /* getConfigFilename.h */,
				C3F9D7D017B83CCB009E58CB /* iprojectM_mac.mm */,
				C3F9D7D117B83CCB009E58CB /* iprojectM.hpp */,
				C3F9D7D217B83CCB009E58CB /* iprojectM.mm */,
				C3F9D7D517B83CF1009E58CB /* iTunesVisualAPI */,
				C37EBD2D19A0112900220265 /* projectM Visualizer */,
				C3F9D7B117B82CC3009E58CB /* Frameworks */,
				C3F9D7B017B82CC3009E58CB /* Products */,
			);
			sourceTree = "<group>";
		};
		C3F9D7B017B82CC3009E58CB /* Products */ = {
			isa = PBXGroup;
			children = (
				C3F9D7AF17B82CC3009E58CB /* iProjectM.bundle */,
				C37EBD2B19A0112900220265 /* projectM Visualizer.app */,
			);
			name = Products;
			sourceTree = "<group>";
		};
		C3F9D7B117B82CC3009E58CB /* Frameworks */ = {
			isa = PBXGroup;
			children = (
				C3C24434195764870021FCD4 /* libGLEW.a */,
				C37821FF1956D82A0058A694 /* libc++.1.dylib */,
				C34E81231956D0DA001AC5B5 /* libbz2.a */,
				C34E81211956D0D9001AC5B5 /* libfreetype.a */,
				C34E811F1956D0D8001AC5B5 /* libftgl.a */,
				C34E811D1956D0D6001AC5B5 /* libpng15.a */,
				C34E811B1956D0D4001AC5B5 /* libz.a */,
				C34E81101956CD3A001AC5B5 /* libc++.dylib */,
				C34E810E1956CD2F001AC5B5 /* libstdc++.dylib */,
				C3F9D7CE17B831F3009E58CB /* OpenGL.framework */,
				C3F9D7B217B82CC3009E58CB /* Cocoa.framework */,
				C37EBD4619A0112900220265 /* XCTest.framework */,
				C3F9D7B417B82CC3009E58CB /* Other Frameworks */,
			);
			name = Frameworks;
			sourceTree = "<group>";
		};
		C3F9D7B417B82CC3009E58CB /* Other Frameworks */ = {
			isa = PBXGroup;
			children = (
				C3F9D7B517B82CC3009E58CB /* AppKit.framework */,
				C3F9D7B617B82CC3009E58CB /* CoreData.framework */,
				C3F9D7B717B82CC3009E58CB /* Foundation.framework */,
			);
			name = "Other Frameworks";
			sourceTree = "<group>";
		};
		C3F9D7D517B83CF1009E58CB /* iTunesVisualAPI */ = {
			isa = PBXGroup;
			children = (
				C3F9D7D617B83CF1009E58CB /* iTunesAPI.cpp */,
				C3F9D7D717B83CF1009E58CB /* iTunesAPI.h */,
				C3F9D7D817B83CF1009E58CB /* iTunesVisualAPI.h */,
			);
			name = iTunesVisualAPI;
			path = macos;
			sourceTree = "<group>";
		};
		C3FAE59917B88B9000F4B110 /* iProjectM */ = {
			isa = PBXGroup;
			children = (
				C3FAE5A717B898B000F4B110 /* iProjectM-pkg.plist */,
				C3FAE59A17B88B9000F4B110 /* projectM Visualizer-Info.plist */,
			);
			path = iProjectM;
			sourceTree = "<group>";
		};
		C3FAE5A417B88C5B00F4B110 /* libprojectM */ = {
			isa = PBXGroup;
			children = (
				C34E81151956D0AC001AC5B5 /* libMilkdropPresetFactory.a */,
				C34E81161956D0AC001AC5B5 /* libNativePresetFactory.a */,
				C34E81131956D096001AC5B5 /* libRenderer.a */,
				C3FAE59C17B88BF800F4B110 /* libprojectM.a */,
			);
			name = libprojectM;
			sourceTree = "<group>";
		};
		C3FAF97A17B8A44100F4B110 /* share */ = {
			isa = PBXGroup;
			children = (
				C3FAF97917B8A43B00F4B110 /* fonts */,
				C3FAF97517B89F7200F4B110 /* config.inp */,
				C3FAF97617B89F7200F4B110 /* shaders */,
			);
			name = share;
			sourceTree = "<group>";
		};
/* End PBXGroup section */

/* Begin PBXNativeTarget section */
		C37EBD2A19A0112900220265 /* projectM Visualizer */ = {
			isa = PBXNativeTarget;
			buildConfigurationList = C37EBD5719A0112900220265 /* Build configuration list for PBXNativeTarget "projectM Visualizer" */;
			buildPhases = (
				C37EBD2719A0112900220265 /* Sources */,
				C37EBD2819A0112900220265 /* Frameworks */,
				C37EBD2919A0112900220265 /* Resources */,
			);
			buildRules = (
			);
			dependencies = (
			);
			name = "projectM Visualizer";
			productName = "projectM Visualizer";
			productReference = C37EBD2B19A0112900220265 /* projectM Visualizer.app */;
			productType = "com.apple.product-type.application";
		};
		C3F9D7AE17B82CC3009E58CB /* iProjectM */ = {
			isa = PBXNativeTarget;
			buildConfigurationList = C3F9D7C117B82CC3009E58CB /* Build configuration list for PBXNativeTarget "iProjectM" */;
			buildPhases = (
				C3F9D7AB17B82CC3009E58CB /* Sources */,
				C3F9D7AC17B82CC3009E58CB /* Frameworks */,
				C3FAE5A917B898BB00F4B110 /* plist */,
				C3C24430195764660021FCD4 /* Copy Files */,
				C3FAF97317B89F1700F4B110 /* share */,
				C3FAE5AB17B898F800F4B110 /* Generate Installer Package */,
			);
			buildRules = (
			);
			dependencies = (
			);
			name = iProjectM;
			productName = iProjectM;
			productReference = C3F9D7AF17B82CC3009E58CB /* iProjectM.bundle */;
			productType = "com.apple.product-type.bundle";
		};
/* End PBXNativeTarget section */

/* Begin PBXProject section */
		C3F9D7A717B82CC3009E58CB /* Project object */ = {
			isa = PBXProject;
			attributes = {
				LastUpgradeCheck = 0830;
				ORGANIZATIONNAME = projectM;
				TargetAttributes = {
					C37EBD2A19A0112900220265 = {
						DevelopmentTeam = 5926VBQM6Y;
						SystemCapabilities = {
							com.apple.Sandbox = {
								enabled = 1;
							};
						};
					};
				};
			};
			buildConfigurationList = C3F9D7AA17B82CC3009E58CB /* Build configuration list for PBXProject "projectM Visualizer" */;
			compatibilityVersion = "Xcode 3.2";
			developmentRegion = English;
			hasScannedForEncodings = 0;
			knownRegions = (
				en,
				Base,
			);
			mainGroup = C3F9D7A617B82CC3009E58CB;
			productRefGroup = C3F9D7B017B82CC3009E58CB /* Products */;
			projectDirPath = "";
			projectReferences = (
				{
					ProductGroup = 1695013F1F6EC5E5008FAF86 /* Products */;
					ProjectRef = 1695013E1F6EC5E5008FAF86 /* libprojectM.xcodeproj */;
				},
			);
			projectRoot = "";
			targets = (
				C3F9D7AE17B82CC3009E58CB /* iProjectM */,
				C37EBD2A19A0112900220265 /* projectM Visualizer */,
			);
		};
/* End PBXProject section */

/* Begin PBXReferenceProxy section */
		169501431F6EC5E6008FAF86 /* liblibprojectM.a */ = {
			isa = PBXReferenceProxy;
			fileType = archive.ar;
			path = liblibprojectM.a;
			remoteRef = 169501421F6EC5E6008FAF86 /* PBXContainerItemProxy */;
			sourceTree = BUILT_PRODUCTS_DIR;
		};
/* End PBXReferenceProxy section */

/* Begin PBXResourcesBuildPhase section */
		C37EBD2919A0112900220265 /* Resources */ = {
			isa = PBXResourcesBuildPhase;
			buildActionMask = 2147483647;
			files = (
				C37EBD5D19A0146F00220265 /* images in Resources */,
				C37EBD5F19A0164400220265 /* selectViz.png in Resources */,
				C38E8C881B1A12540029901E /* Preferences.xib in Resources */,
				C37EBD3219A0112900220265 /* InfoPlist.strings in Resources */,
				C37EBD4019A0112900220265 /* Images.xcassets in Resources */,
				C37EBD3819A0112900220265 /* Credits.rtf in Resources */,
				C37EBD3E19A0112900220265 /* MainMenu.xib in Resources */,
				C37EBD5B19A0118600220265 /* iProjectM.pkg in Resources */,
			);
			runOnlyForDeploymentPostprocessing = 0;
		};
/* End PBXResourcesBuildPhase section */

/* Begin PBXShellScriptBuildPhase section */
		C3FAE5AB17B898F800F4B110 /* Generate Installer Package */ = {
			isa = PBXShellScriptBuildPhase;
			buildActionMask = 2147483647;
			files = (
			);
			inputPaths = (
			);
			name = "Generate Installer Package";
			outputPaths = (
			);
			runOnlyForDeploymentPostprocessing = 0;
			shellPath = /bin/bash;
			shellScript = "mkdir -p \"$DSTROOT/usr/local/share/projectM/presets\"\n#cp -r \"$SRCROOT\"/../../presets/custom/* \"$DSTROOT/usr/local/share/projectM/presets/\"\ncp -r \"$SRCROOT\"/../../presets/presets_tryptonaut/* \"$DSTROOT/usr/local/share/projectM/presets/\"\ncp -r \"$SRCROOT\"/../../presets/presets_bltc201/* \"$DSTROOT/usr/local/share/projectM/presets/\"\n#rm -rf \"$SRCROOT/iProjectM.bundle\"\n#cp -r \"$DSTROOT/Library/iTunes/iTunes Plug-ins/iProjectM.bundle\" $SRCROOT/\ninstall_name_tool -change @executable_path/../Frameworks/Cg.framework/Cg @loader_path/../Frameworks/Cg.framework/Cg \"$DSTROOT/Library/iTunes/iTunes Plug-ins/iProjectM.bundle/Contents/MacOS/iProjectM\"\ncp -r $CONFIGURATION_BUILD_DIR/share/* \"$DSTROOT/usr/local/share/projectM\"\npkgbuild --component-plist \"$SRCROOT/iProjectM-pkg.plist\" --root \"$DSTROOT\" \"$SRCROOT/iProjectM.pkg\"\n";
		};
/* End PBXShellScriptBuildPhase section */

/* Begin PBXSourcesBuildPhase section */
		C37EBD2719A0112900220265 /* Sources */ = {
			isa = PBXSourcesBuildPhase;
			buildActionMask = 2147483647;
			files = (
				C37EBD3B19A0112900220265 /* AppDelegate.m in Sources */,
				C37EBD3419A0112900220265 /* main.m in Sources */,
				C38E8C8B1B1A13AE0029901E /* Preferences.m in Sources */,
				C38E8C8E1B1A14470029901E /* AudioInputDeviceList.m in Sources */,
			);
			runOnlyForDeploymentPostprocessing = 0;
		};
		C3F9D7AB17B82CC3009E58CB /* Sources */ = {
			isa = PBXSourcesBuildPhase;
			buildActionMask = 2147483647;
			files = (
				C3F9D7D317B83CCB009E58CB /* iprojectM_mac.mm in Sources */,
				C3F9D7D417B83CCB009E58CB /* iprojectM.mm in Sources */,
				C3F9D7D917B83CF1009E58CB /* iTunesAPI.cpp in Sources */,
				C3FAE59217B87D8700F4B110 /* getConfigFilename.cpp in Sources */,
			);
			runOnlyForDeploymentPostprocessing = 0;
		};
/* End PBXSourcesBuildPhase section */

/* Begin PBXVariantGroup section */
		C37EBD3019A0112900220265 /* InfoPlist.strings */ = {
			isa = PBXVariantGroup;
			children = (
				C37EBD3119A0112900220265 /* en */,
			);
			name = InfoPlist.strings;
			sourceTree = "<group>";
		};
		C37EBD3619A0112900220265 /* Credits.rtf */ = {
			isa = PBXVariantGroup;
			children = (
				C37EBD3719A0112900220265 /* en */,
			);
			name = Credits.rtf;
			sourceTree = "<group>";
		};
		C37EBD3C19A0112900220265 /* MainMenu.xib */ = {
			isa = PBXVariantGroup;
			children = (
				C37EBD3D19A0112900220265 /* Base */,
			);
			name = MainMenu.xib;
			sourceTree = "<group>";
		};
/* End PBXVariantGroup section */

/* Begin XCBuildConfiguration section */
		C37EBD5319A0112900220265 /* Debug */ = {
			isa = XCBuildConfiguration;
			buildSettings = {
				ASSETCATALOG_COMPILER_APPICON_NAME = AppIcon;
				CLANG_CXX_LANGUAGE_STANDARD = "gnu++0x";
				CLANG_ENABLE_MODULES = YES;
				CLANG_ENABLE_OBJC_ARC = YES;
				CLANG_WARN_BOOL_CONVERSION = YES;
				CLANG_WARN_DIRECT_OBJC_ISA_USAGE = YES_ERROR;
				CLANG_WARN_OBJC_ROOT_CLASS = YES_ERROR;
				CODE_SIGN_ENTITLEMENTS = "projectM Visualizer/projectM Visualizer.entitlements";
				CODE_SIGN_IDENTITY = "";
				COMBINE_HIDPI_IMAGES = YES;
				FRAMEWORK_SEARCH_PATHS = (
					"$(inherited)",
					"$(LOCAL_LIBRARY_DIR)/Frameworks",
				);
				GCC_C_LANGUAGE_STANDARD = gnu99;
				GCC_OPTIMIZATION_LEVEL = 0;
				GCC_PRECOMPILE_PREFIX_HEADER = YES;
				GCC_PREFIX_HEADER = "projectM Visualizer/projectM Visualizer-Prefix.pch";
				GCC_PREPROCESSOR_DEFINITIONS = (
					"DEBUG=1",
					"$(inherited)",
				);
				GCC_WARN_ABOUT_RETURN_TYPE = YES_ERROR;
				GCC_WARN_UNDECLARED_SELECTOR = YES;
				GCC_WARN_UNINITIALIZED_AUTOS = YES_AGGRESSIVE;
				GCC_WARN_UNUSED_FUNCTION = YES;
				INFOPLIST_FILE = "projectM Visualizer/projectM Visualizer-Info.plist";
				MACOSX_DEPLOYMENT_TARGET = 10.8;
				ONLY_ACTIVE_ARCH = YES;
				PRODUCT_BUNDLE_IDENTIFIER = biz.int80.iProjectM;
				PRODUCT_NAME = "projectM Visualizer";
				WRAPPER_EXTENSION = app;
			};
			name = Debug;
		};
		C37EBD5419A0112900220265 /* Release */ = {
			isa = XCBuildConfiguration;
			buildSettings = {
				ASSETCATALOG_COMPILER_APPICON_NAME = AppIcon;
				CLANG_CXX_LANGUAGE_STANDARD = "gnu++0x";
				CLANG_ENABLE_MODULES = YES;
				CLANG_ENABLE_OBJC_ARC = YES;
				CLANG_WARN_BOOL_CONVERSION = YES;
				CLANG_WARN_DIRECT_OBJC_ISA_USAGE = YES_ERROR;
				CLANG_WARN_OBJC_ROOT_CLASS = YES_ERROR;
				CODE_SIGN_ENTITLEMENTS = "projectM Visualizer/projectM Visualizer.entitlements";
				CODE_SIGN_IDENTITY = "";
				COMBINE_HIDPI_IMAGES = YES;
				ENABLE_NS_ASSERTIONS = NO;
				FRAMEWORK_SEARCH_PATHS = (
					"$(inherited)",
					"$(LOCAL_LIBRARY_DIR)/Frameworks",
				);
				GCC_C_LANGUAGE_STANDARD = gnu99;
				GCC_PRECOMPILE_PREFIX_HEADER = YES;
				GCC_PREFIX_HEADER = "projectM Visualizer/projectM Visualizer-Prefix.pch";
				GCC_WARN_ABOUT_RETURN_TYPE = YES_ERROR;
				GCC_WARN_UNDECLARED_SELECTOR = YES;
				GCC_WARN_UNINITIALIZED_AUTOS = YES_AGGRESSIVE;
				GCC_WARN_UNUSED_FUNCTION = YES;
				INFOPLIST_FILE = "projectM Visualizer/projectM Visualizer-Info.plist";
				MACOSX_DEPLOYMENT_TARGET = 10.8;
				PRODUCT_BUNDLE_IDENTIFIER = biz.int80.iProjectM;
				PRODUCT_NAME = "projectM Visualizer";
				WRAPPER_EXTENSION = app;
			};
			name = Release;
		};
		C3F9D7BF17B82CC3009E58CB /* Debug */ = {
			isa = XCBuildConfiguration;
			buildSettings = {
				ALWAYS_SEARCH_USER_PATHS = NO;
				CLANG_CXX_LANGUAGE_STANDARD = "compiler-default";
				CLANG_CXX_LIBRARY = "libc++";
				CLANG_ENABLE_MODULES = NO;
				CLANG_WARN_BOOL_CONVERSION = YES;
				CLANG_WARN_CONSTANT_CONVERSION = YES;
				CLANG_WARN_EMPTY_BODY = YES;
				CLANG_WARN_ENUM_CONVERSION = YES;
				CLANG_WARN_INFINITE_RECURSION = YES;
				CLANG_WARN_INT_CONVERSION = YES;
				CLANG_WARN_SUSPICIOUS_MOVE = YES;
				CLANG_WARN_UNREACHABLE_CODE = YES;
				CLANG_WARN__DUPLICATE_METHOD_MATCH = YES;
				CODE_SIGN_IDENTITY = "";
				COPY_PHASE_STRIP = NO;
				DEPLOYMENT_LOCATION = YES;
				DYLIB_CURRENT_VERSION = 1.0.0;
				ENABLE_STRICT_OBJC_MSGSEND = YES;
				ENABLE_TESTABILITY = YES;
				FRAMEWORK_SEARCH_PATHS = /Library/Frameworks;
				GCC_C_LANGUAGE_STANDARD = "compiler-default";
				GCC_DYNAMIC_NO_PIC = NO;
				GCC_ENABLE_OBJC_EXCEPTIONS = YES;
				GCC_INPUT_FILETYPE = automatic;
				GCC_NO_COMMON_BLOCKS = YES;
				GCC_OPTIMIZATION_LEVEL = s;
				GCC_PREPROCESSOR_DEFINITIONS = (
					"DEBUG=1",
					"$(inherited)",
				);
				GCC_SYMBOLS_PRIVATE_EXTERN = NO;
				GCC_WARN_64_TO_32_BIT_CONVERSION = YES;
				GCC_WARN_ABOUT_RETURN_TYPE = YES;
				GCC_WARN_UNDECLARED_SELECTOR = YES;
				GCC_WARN_UNINITIALIZED_AUTOS = YES;
				GCC_WARN_UNUSED_FUNCTION = YES;
				GCC_WARN_UNUSED_VARIABLE = YES;
				HEADER_SEARCH_PATHS = "${SRCROOT}/..";
				LD_RUNPATH_SEARCH_PATHS = "@loader_path/../Frameworks/";
				MACOSX_DEPLOYMENT_TARGET = 10.7;
				ONLY_ACTIVE_ARCH = YES;
				OTHER_CPLUSPLUSFLAGS = "$(OTHER_CFLAGS)";
				OTHER_LDFLAGS = "";
				SDKROOT = macosx;
				VALIDATE_PRODUCT = YES;
			};
			name = Debug;
		};
		C3F9D7C017B82CC3009E58CB /* Release */ = {
			isa = XCBuildConfiguration;
			buildSettings = {
				ALWAYS_SEARCH_USER_PATHS = NO;
				CLANG_CXX_LANGUAGE_STANDARD = "compiler-default";
				CLANG_CXX_LIBRARY = "libc++";
				CLANG_ENABLE_MODULES = NO;
				CLANG_WARN_BOOL_CONVERSION = YES;
				CLANG_WARN_CONSTANT_CONVERSION = YES;
				CLANG_WARN_EMPTY_BODY = YES;
				CLANG_WARN_ENUM_CONVERSION = YES;
				CLANG_WARN_INFINITE_RECURSION = YES;
				CLANG_WARN_INT_CONVERSION = YES;
				CLANG_WARN_SUSPICIOUS_MOVE = YES;
				CLANG_WARN_UNREACHABLE_CODE = YES;
				CLANG_WARN__DUPLICATE_METHOD_MATCH = YES;
				CODE_SIGN_IDENTITY = "";
				COPY_PHASE_STRIP = YES;
				DEBUG_INFORMATION_FORMAT = "dwarf-with-dsym";
				DEPLOYMENT_LOCATION = YES;
				DYLIB_CURRENT_VERSION = 1.0.0;
				ENABLE_STRICT_OBJC_MSGSEND = YES;
				FRAMEWORK_SEARCH_PATHS = /Library/Frameworks;
				GCC_C_LANGUAGE_STANDARD = "compiler-default";
				GCC_ENABLE_OBJC_EXCEPTIONS = YES;
				GCC_INPUT_FILETYPE = automatic;
				GCC_NO_COMMON_BLOCKS = YES;
				GCC_OPTIMIZATION_LEVEL = s;
				GCC_WARN_64_TO_32_BIT_CONVERSION = YES;
				GCC_WARN_ABOUT_RETURN_TYPE = YES;
				GCC_WARN_UNDECLARED_SELECTOR = YES;
				GCC_WARN_UNINITIALIZED_AUTOS = YES;
				GCC_WARN_UNUSED_FUNCTION = YES;
				GCC_WARN_UNUSED_VARIABLE = YES;
				HEADER_SEARCH_PATHS = "${SRCROOT}/..";
				LD_RUNPATH_SEARCH_PATHS = "@loader_path/../Frameworks/";
				MACOSX_DEPLOYMENT_TARGET = 10.7;
				ONLY_ACTIVE_ARCH = YES;
				OTHER_CPLUSPLUSFLAGS = "$(OTHER_CFLAGS)";
				OTHER_LDFLAGS = "";
				SDKROOT = macosx;
				VALIDATE_PRODUCT = YES;
			};
			name = Release;
		};
		C3F9D7C217B82CC3009E58CB /* Debug */ = {
			isa = XCBuildConfiguration;
			buildSettings = {
				COMBINE_HIDPI_IMAGES = YES;
				FRAMEWORK_SEARCH_PATHS = (
					"$(inherited)",
					"$(PROJECT_DIR)/macos/contrib",
					"$(LOCAL_LIBRARY_DIR)/Frameworks",
				);
				GCC_PRECOMPILE_PREFIX_HEADER = NO;
				GENERATE_PKGINFO_FILE = YES;
				INFOPLIST_FILE = "iProjectM/projectM Visualizer-Info.plist";
				INSTALL_PATH = "$(LOCAL_LIBRARY_DIR)/iTunes/iTunes Plug-ins";
				LIBRARY_SEARCH_PATHS = (
					"$(inherited)",
					"\"$(SRCROOT)/../libprojectM\"",
					"\"$(SRCROOT)/../libprojectM/Renderer\"",
					"\"$(SRCROOT)/../libprojectM/MilkdropPresetFactory\"",
					"\"$(SRCROOT)/../libprojectM/NativePresetFactory\"",
					"$(SRCROOT)",
					"\"$(SRCROOT)/../NativePresets\"",
					"\"$(SRCROOT)/..\"",
					"\"$(SRCROOT)/macos/contrib\"",
					"$(PROJECT_DIR)/macos/contrib",
				);
				PRODUCT_BUNDLE_IDENTIFIER = "biz.int80.${PRODUCT_NAME:rfc1034identifier}";
				PRODUCT_NAME = iProjectM;
				WRAPPER_EXTENSION = bundle;
			};
			name = Debug;
		};
		C3F9D7C317B82CC3009E58CB /* Release */ = {
			isa = XCBuildConfiguration;
			buildSettings = {
				COMBINE_HIDPI_IMAGES = YES;
				FRAMEWORK_SEARCH_PATHS = (
					"$(inherited)",
					"$(PROJECT_DIR)/macos/contrib",
					"$(LOCAL_LIBRARY_DIR)/Frameworks",
				);
				GCC_PRECOMPILE_PREFIX_HEADER = NO;
				GENERATE_PKGINFO_FILE = YES;
				INFOPLIST_FILE = "iProjectM/projectM Visualizer-Info.plist";
				INSTALL_PATH = "$(LOCAL_LIBRARY_DIR)/iTunes/iTunes Plug-ins";
				LIBRARY_SEARCH_PATHS = (
					"$(inherited)",
					"\"$(SRCROOT)/../libprojectM\"",
					"\"$(SRCROOT)/../libprojectM/Renderer\"",
					"\"$(SRCROOT)/../libprojectM/MilkdropPresetFactory\"",
					"\"$(SRCROOT)/../libprojectM/NativePresetFactory\"",
					"$(SRCROOT)",
					"\"$(SRCROOT)/../NativePresets\"",
					"\"$(SRCROOT)/..\"",
					"\"$(SRCROOT)/macos/contrib\"",
					"$(PROJECT_DIR)/macos/contrib",
				);
				PRODUCT_BUNDLE_IDENTIFIER = "biz.int80.${PRODUCT_NAME:rfc1034identifier}";
				PRODUCT_NAME = iProjectM;
				WRAPPER_EXTENSION = bundle;
			};
			name = Release;
		};
/* End XCBuildConfiguration section */

/* Begin XCConfigurationList section */
		C37EBD5719A0112900220265 /* Build configuration list for PBXNativeTarget "projectM Visualizer" */ = {
			isa = XCConfigurationList;
			buildConfigurations = (
				C37EBD5319A0112900220265 /* Debug */,
				C37EBD5419A0112900220265 /* Release */,
			);
			defaultConfigurationIsVisible = 0;
			defaultConfigurationName = Release;
		};
		C3F9D7AA17B82CC3009E58CB /* Build configuration list for PBXProject "projectM Visualizer" */ = {
			isa = XCConfigurationList;
			buildConfigurations = (
				C3F9D7BF17B82CC3009E58CB /* Debug */,
				C3F9D7C017B82CC3009E58CB /* Release */,
			);
			defaultConfigurationIsVisible = 0;
			defaultConfigurationName = Release;
		};
		C3F9D7C117B82CC3009E58CB /* Build configuration list for PBXNativeTarget "iProjectM" */ = {
			isa = XCConfigurationList;
			buildConfigurations = (
				C3F9D7C217B82CC3009E58CB /* Debug */,
				C3F9D7C317B82CC3009E58CB /* Release */,
			);
			defaultConfigurationIsVisible = 0;
			defaultConfigurationName = Release;
		};
/* End XCConfigurationList section */
	};
	rootObject = C3F9D7A717B82CC3009E58CB /* Project object */;
}
