
Microsoft Visual Studio Solution File, Format Version 10.00
# Visual Studio 2008
Project("{8BC9CEB8-8B4A-11D0-8D11-00A0C91BC942}") = "projectM-wmp", "projectM-wmp\projectM-wmp.vcproj", "{E182C41E-2EF4-4BE6-8D85-F9A0982CD38C}"
EndProject
Project("{8BC9CEB8-8B4A-11D0-8D11-00A0C91BC942}") = "libprojectM", "..\projectM-engine\libprojectM.vcproj", "{31B91091-431A-4842-8682-2A04B51C980A}"
EndProject
Project("{8BC9CEB8-8B4A-11D0-8D11-00A0C91BC942}") = "freetype", "..\WinLibs\freetype-2.3.5\builds\win32\visualc\freetype.vcproj", "{78B079BD-9FC7-4B9E-B4A6-96DA0F00248B}"
EndProject
Project("{8BC9CEB8-8B4A-11D0-8D11-00A0C91BC942}") = "ftgl_static_lib", "..\WinLibs\FTGL\win32_vcpp\ftgl_static_lib\ftgl_static_lib.vcproj", "{4A80DC08-8D4E-4136-B818-AF0024000A21}"
EndProject
Project("{8BC9CEB8-8B4A-11D0-8D11-00A0C91BC942}") = "glew_static", "..\WinLibs\glew\build\vc6\glew_static.vcproj", "{94AC71AA-7528-4E56-A5A9-EDDFE6D20A39}"
EndProject
Global
	GlobalSection(SolutionConfigurationPlatforms) = preSolution
		Debug MT|Win32 = Debug MT|Win32
		Debug Multithreaded|Win32 = Debug Multithreaded|Win32
		Debug MX|Win32 = Debug MX|Win32
		Debug Singlethreaded|Win32 = Debug Singlethreaded|Win32
		Debug|Win32 = Debug|Win32
		Release MT|Win32 = Release MT|Win32
		Release Multithreaded|Win32 = Release Multithreaded|Win32
		Release MX|Win32 = Release MX|Win32
		Release Singlethreaded|Win32 = Release Singlethreaded|Win32
		Release|Win32 = Release|Win32
	EndGlobalSection
	GlobalSection(ProjectConfigurationPlatforms) = postSolution
		{E182C41E-2EF4-4BE6-8D85-F9A0982CD38C}.Debug MT|Win32.ActiveCfg = Debug|Win32
		{E182C41E-2EF4-4BE6-8D85-F9A0982CD38C}.Debug MT|Win32.Build.0 = Debug|Win32
		{E182C41E-2EF4-4BE6-8D85-F9A0982CD38C}.Debug Multithreaded|Win32.ActiveCfg = Debug|Win32
		{E182C41E-2EF4-4BE6-8D85-F9A0982CD38C}.Debug Multithreaded|Win32.Build.0 = Debug|Win32
		{E182C41E-2EF4-4BE6-8D85-F9A0982CD38C}.Debug MX|Win32.ActiveCfg = Debug|Win32
		{E182C41E-2EF4-4BE6-8D85-F9A0982CD38C}.Debug MX|Win32.Build.0 = Debug|Win32
		{E182C41E-2EF4-4BE6-8D85-F9A0982CD38C}.Debug Singlethreaded|Win32.ActiveCfg = Debug|Win32
		{E182C41E-2EF4-4BE6-8D85-F9A0982CD38C}.Debug Singlethreaded|Win32.Build.0 = Debug|Win32
		{E182C41E-2EF4-4BE6-8D85-F9A0982CD38C}.Debug|Win32.ActiveCfg = Debug|Win32
		{E182C41E-2EF4-4BE6-8D85-F9A0982CD38C}.Debug|Win32.Build.0 = Debug|Win32
		{E182C41E-2EF4-4BE6-8D85-F9A0982CD38C}.Release MT|Win32.ActiveCfg = Release|Win32
		{E182C41E-2EF4-4BE6-8D85-F9A0982CD38C}.Release MT|Win32.Build.0 = Release|Win32
		{E182C41E-2EF4-4BE6-8D85-F9A0982CD38C}.Release Multithreaded|Win32.ActiveCfg = Release|Win32
		{E182C41E-2EF4-4BE6-8D85-F9A0982CD38C}.Release Multithreaded|Win32.Build.0 = Release|Win32
		{E182C41E-2EF4-4BE6-8D85-F9A0982CD38C}.Release MX|Win32.ActiveCfg = Release|Win32
		{E182C41E-2EF4-4BE6-8D85-F9A0982CD38C}.Release MX|Win32.Build.0 = Release|Win32
		{E182C41E-2EF4-4BE6-8D85-F9A0982CD38C}.Release Singlethreaded|Win32.ActiveCfg = Release|Win32
		{E182C41E-2EF4-4BE6-8D85-F9A0982CD38C}.Release Singlethreaded|Win32.Build.0 = Release|Win32
		{E182C41E-2EF4-4BE6-8D85-F9A0982CD38C}.Release|Win32.ActiveCfg = Release|Win32
		{E182C41E-2EF4-4BE6-8D85-F9A0982CD38C}.Release|Win32.Build.0 = Release|Win32
		{31B91091-431A-4842-8682-2A04B51C980A}.Debug MT|Win32.ActiveCfg = Debug|Win32
		{31B91091-431A-4842-8682-2A04B51C980A}.Debug MT|Win32.Build.0 = Debug|Win32
		{31B91091-431A-4842-8682-2A04B51C980A}.Debug Multithreaded|Win32.ActiveCfg = Debug|Win32
		{31B91091-431A-4842-8682-2A04B51C980A}.Debug Multithreaded|Win32.Build.0 = Debug|Win32
		{31B91091-431A-4842-8682-2A04B51C980A}.Debug MX|Win32.ActiveCfg = Debug|Win32
		{31B91091-431A-4842-8682-2A04B51C980A}.Debug MX|Win32.Build.0 = Debug|Win32
		{31B91091-431A-4842-8682-2A04B51C980A}.Debug Singlethreaded|Win32.ActiveCfg = Debug|Win32
		{31B91091-431A-4842-8682-2A04B51C980A}.Debug Singlethreaded|Win32.Build.0 = Debug|Win32
		{31B91091-431A-4842-8682-2A04B51C980A}.Debug|Win32.ActiveCfg = Debug|Win32
		{31B91091-431A-4842-8682-2A04B51C980A}.Debug|Win32.Build.0 = Debug|Win32
		{31B91091-431A-4842-8682-2A04B51C980A}.Release MT|Win32.ActiveCfg = Release|Win32
		{31B91091-431A-4842-8682-2A04B51C980A}.Release MT|Win32.Build.0 = Release|Win32
		{31B91091-431A-4842-8682-2A04B51C980A}.Release Multithreaded|Win32.ActiveCfg = Release|Win32
		{31B91091-431A-4842-8682-2A04B51C980A}.Release Multithreaded|Win32.Build.0 = Release|Win32
		{31B91091-431A-4842-8682-2A04B51C980A}.Release MX|Win32.ActiveCfg = Release|Win32
		{31B91091-431A-4842-8682-2A04B51C980A}.Release MX|Win32.Build.0 = Release|Win32
		{31B91091-431A-4842-8682-2A04B51C980A}.Release Singlethreaded|Win32.ActiveCfg = Release|Win32
		{31B91091-431A-4842-8682-2A04B51C980A}.Release Singlethreaded|Win32.Build.0 = Release|Win32
		{31B91091-431A-4842-8682-2A04B51C980A}.Release|Win32.ActiveCfg = Release|Win32
		{31B91091-431A-4842-8682-2A04B51C980A}.Release|Win32.Build.0 = Release|Win32
		{78B079BD-9FC7-4B9E-B4A6-96DA0F00248B}.Debug MT|Win32.ActiveCfg = Debug Multithreaded|Win32
		{78B079BD-9FC7-4B9E-B4A6-96DA0F00248B}.Debug MT|Win32.Build.0 = Debug Multithreaded|Win32
		{78B079BD-9FC7-4B9E-B4A6-96DA0F00248B}.Debug Multithreaded|Win32.ActiveCfg = Debug Multithreaded|Win32
		{78B079BD-9FC7-4B9E-B4A6-96DA0F00248B}.Debug Multithreaded|Win32.Build.0 = Debug Multithreaded|Win32
		{78B079BD-9FC7-4B9E-B4A6-96DA0F00248B}.Debug MX|Win32.ActiveCfg = Debug Multithreaded|Win32
		{78B079BD-9FC7-4B9E-B4A6-96DA0F00248B}.Debug MX|Win32.Build.0 = Debug Multithreaded|Win32
		{78B079BD-9FC7-4B9E-B4A6-96DA0F00248B}.Debug Singlethreaded|Win32.ActiveCfg = Debug Singlethreaded|Win32
		{78B079BD-9FC7-4B9E-B4A6-96DA0F00248B}.Debug Singlethreaded|Win32.Build.0 = Debug Singlethreaded|Win32
		{78B079BD-9FC7-4B9E-B4A6-96DA0F00248B}.Debug|Win32.ActiveCfg = Debug|Win32
		{78B079BD-9FC7-4B9E-B4A6-96DA0F00248B}.Debug|Win32.Build.0 = Debug|Win32
		{78B079BD-9FC7-4B9E-B4A6-96DA0F00248B}.Release MT|Win32.ActiveCfg = Release Multithreaded|Win32
		{78B079BD-9FC7-4B9E-B4A6-96DA0F00248B}.Release MT|Win32.Build.0 = Release Multithreaded|Win32
		{78B079BD-9FC7-4B9E-B4A6-96DA0F00248B}.Release Multithreaded|Win32.ActiveCfg = Release Multithreaded|Win32
		{78B079BD-9FC7-4B9E-B4A6-96DA0F00248B}.Release Multithreaded|Win32.Build.0 = Release Multithreaded|Win32
		{78B079BD-9FC7-4B9E-B4A6-96DA0F00248B}.Release MX|Win32.ActiveCfg = Release Multithreaded|Win32
		{78B079BD-9FC7-4B9E-B4A6-96DA0F00248B}.Release MX|Win32.Build.0 = Release Multithreaded|Win32
		{78B079BD-9FC7-4B9E-B4A6-96DA0F00248B}.Release Singlethreaded|Win32.ActiveCfg = Release Singlethreaded|Win32
		{78B079BD-9FC7-4B9E-B4A6-96DA0F00248B}.Release Singlethreaded|Win32.Build.0 = Release Singlethreaded|Win32
		{78B079BD-9FC7-4B9E-B4A6-96DA0F00248B}.Release|Win32.ActiveCfg = Release|Win32
		{78B079BD-9FC7-4B9E-B4A6-96DA0F00248B}.Release|Win32.Build.0 = Release|Win32
		{4A80DC08-8D4E-4136-B818-AF0024000A21}.Debug MT|Win32.ActiveCfg = Debug MT|Win32
		{4A80DC08-8D4E-4136-B818-AF0024000A21}.Debug MT|Win32.Build.0 = Debug MT|Win32
		{4A80DC08-8D4E-4136-B818-AF0024000A21}.Debug Multithreaded|Win32.ActiveCfg = Debug MT|Win32
		{4A80DC08-8D4E-4136-B818-AF0024000A21}.Debug Multithreaded|Win32.Build.0 = Debug MT|Win32
		{4A80DC08-8D4E-4136-B818-AF0024000A21}.Debug MX|Win32.ActiveCfg = Debug MT|Win32
		{4A80DC08-8D4E-4136-B818-AF0024000A21}.Debug MX|Win32.Build.0 = Debug MT|Win32
		{4A80DC08-8D4E-4136-B818-AF0024000A21}.Debug Singlethreaded|Win32.ActiveCfg = Debug MT|Win32
		{4A80DC08-8D4E-4136-B818-AF0024000A21}.Debug Singlethreaded|Win32.Build.0 = Debug MT|Win32
		{4A80DC08-8D4E-4136-B818-AF0024000A21}.Debug|Win32.ActiveCfg = Debug|Win32
		{4A80DC08-8D4E-4136-B818-AF0024000A21}.Debug|Win32.Build.0 = Debug|Win32
		{4A80DC08-8D4E-4136-B818-AF0024000A21}.Release MT|Win32.ActiveCfg = Release MT|Win32
		{4A80DC08-8D4E-4136-B818-AF0024000A21}.Release MT|Win32.Build.0 = Release MT|Win32
		{4A80DC08-8D4E-4136-B818-AF0024000A21}.Release Multithreaded|Win32.ActiveCfg = Release MT|Win32
		{4A80DC08-8D4E-4136-B818-AF0024000A21}.Release Multithreaded|Win32.Build.0 = Release MT|Win32
		{4A80DC08-8D4E-4136-B818-AF0024000A21}.Release MX|Win32.ActiveCfg = Release MT|Win32
		{4A80DC08-8D4E-4136-B818-AF0024000A21}.Release MX|Win32.Build.0 = Release MT|Win32
		{4A80DC08-8D4E-4136-B818-AF0024000A21}.Release Singlethreaded|Win32.ActiveCfg = Release MT|Win32
		{4A80DC08-8D4E-4136-B818-AF0024000A21}.Release Singlethreaded|Win32.Build.0 = Release MT|Win32
		{4A80DC08-8D4E-4136-B818-AF0024000A21}.Release|Win32.ActiveCfg = Release|Win32
		{4A80DC08-8D4E-4136-B818-AF0024000A21}.Release|Win32.Build.0 = Release|Win32
		{94AC71AA-7528-4E56-A5A9-EDDFE6D20A39}.Debug MT|Win32.ActiveCfg = Debug MX|Win32
		{94AC71AA-7528-4E56-A5A9-EDDFE6D20A39}.Debug MT|Win32.Build.0 = Debug MX|Win32
		{94AC71AA-7528-4E56-A5A9-EDDFE6D20A39}.Debug Multithreaded|Win32.ActiveCfg = Debug MX|Win32
		{94AC71AA-7528-4E56-A5A9-EDDFE6D20A39}.Debug Multithreaded|Win32.Build.0 = Debug MX|Win32
		{94AC71AA-7528-4E56-A5A9-EDDFE6D20A39}.Debug MX|Win32.ActiveCfg = Debug MX|Win32
		{94AC71AA-7528-4E56-A5A9-EDDFE6D20A39}.Debug MX|Win32.Build.0 = Debug MX|Win32
		{94AC71AA-7528-4E56-A5A9-EDDFE6D20A39}.Debug Singlethreaded|Win32.ActiveCfg = Debug MX|Win32
		{94AC71AA-7528-4E56-A5A9-EDDFE6D20A39}.Debug Singlethreaded|Win32.Build.0 = Debug MX|Win32
		{94AC71AA-7528-4E56-A5A9-EDDFE6D20A39}.Debug|Win32.ActiveCfg = Debug|Win32
		{94AC71AA-7528-4E56-A5A9-EDDFE6D20A39}.Debug|Win32.Build.0 = Debug|Win32
		{94AC71AA-7528-4E56-A5A9-EDDFE6D20A39}.Release MT|Win32.ActiveCfg = Release MX|Win32
		{94AC71AA-7528-4E56-A5A9-EDDFE6D20A39}.Release MT|Win32.Build.0 = Release MX|Win32
		{94AC71AA-7528-4E56-A5A9-EDDFE6D20A39}.Release Multithreaded|Win32.ActiveCfg = Release MX|Win32
		{94AC71AA-7528-4E56-A5A9-EDDFE6D20A39}.Release Multithreaded|Win32.Build.0 = Release MX|Win32
		{94AC71AA-7528-4E56-A5A9-EDDFE6D20A39}.Release MX|Win32.ActiveCfg = Release MX|Win32
		{94AC71AA-7528-4E56-A5A9-EDDFE6D20A39}.Release MX|Win32.Build.0 = Release MX|Win32
		{94AC71AA-7528-4E56-A5A9-EDDFE6D20A39}.Release Singlethreaded|Win32.ActiveCfg = Release MX|Win32
		{94AC71AA-7528-4E56-A5A9-EDDFE6D20A39}.Release Singlethreaded|Win32.Build.0 = Release MX|Win32
		{94AC71AA-7528-4E56-A5A9-EDDFE6D20A39}.Release|Win32.ActiveCfg = Release|Win32
		{94AC71AA-7528-4E56-A5A9-EDDFE6D20A39}.Release|Win32.Build.0 = Release|Win32
	EndGlobalSection
	GlobalSection(SolutionProperties) = preSolution
		HideSolutionNode = FALSE
	EndGlobalSection
EndGlobal
