// !$*UTF8*$!
{
	archiveVersion = 1;
	classes = {
	};
	objectVersion = 46;
	objects = {

/* Begin PBXBuildFile section */
		1612C997207A80A200862A3A /* libprojectM.a in Frameworks */ = {isa = PBXBuildFile; fileRef = 1612C994207A807000862A3A /* libprojectM.a */; };
		1612C998207A80A200862A3A /* libRenderer.a in Frameworks */ = {isa = PBXBuildFile; fileRef = 1612C992207A807000862A3A /* libRenderer.a */; };
		1612C99B207A82F900862A3A /* Cg.framework in Frameworks */ = {isa = PBXBuildFile; fileRef = 161070DC1F705069001905AB /* Cg.framework */; };
		1612C9E2207A85C100862A3A /* libMilkdropPresetFactory.a in Frameworks */ = {isa = PBXBuildFile; fileRef = 1612C9DF207A85BD00862A3A /* libMilkdropPresetFactory.a */; };
		1612C9E3207A85C100862A3A /* libNativePresetFactory.a in Frameworks */ = {isa = PBXBuildFile; fileRef = 1612C9E1207A85BD00862A3A /* libNativePresetFactory.a */; };
		1612CA11207A8D2F00862A3A /* shaders in Copy Files */ = {isa = PBXBuildFile; fileRef = 1612CA10207A8D2400862A3A /* shaders */; };
		169502001F7009E9008FAF86 /* pmSDL.cpp in Sources */ = {isa = PBXBuildFile; fileRef = 169501FE1F7009E9008FAF86 /* pmSDL.cpp */; };
		16A42142207817AE006F30CE /* Cg.framework in CopyFiles */ = {isa = PBXBuildFile; fileRef = 161070DC1F705069001905AB /* Cg.framework */; settings = {ATTRIBUTES = (CodeSignOnCopy, RemoveHeadersOnCopy, ); }; };
		C307DFD41D565B57002F6B9E /* presets in Copy Files */ = {isa = PBXBuildFile; fileRef = C307DFD31D565B57002F6B9E /* presets */; };
		C345214F1BF022A5001707D2 /* projectM_SDL_main.cpp in Sources */ = {isa = PBXBuildFile; fileRef = C345214E1BF022A5001707D2 /* projectM_SDL_main.cpp */; };
		C345215C1BF025A9001707D2 /* OpenGL.framework in Frameworks */ = {isa = PBXBuildFile; fileRef = C345215B1BF025A9001707D2 /* OpenGL.framework */; };
		C345215E1BF025CF001707D2 /* CoreFoundation.framework in Frameworks */ = {isa = PBXBuildFile; fileRef = C345215D1BF025CF001707D2 /* CoreFoundation.framework */; };
		C34521651BF025E5001707D2 /* libbz2.a in Frameworks */ = {isa = PBXBuildFile; fileRef = C345215F1BF025E5001707D2 /* libbz2.a */; };
		C34521661BF025E5001707D2 /* libfreetype.a in Frameworks */ = {isa = PBXBuildFile; fileRef = C34521601BF025E5001707D2 /* libfreetype.a */; };
		C34521671BF025E5001707D2 /* libftgl.a in Frameworks */ = {isa = PBXBuildFile; fileRef = C34521611BF025E5001707D2 /* libftgl.a */; };
		C34521681BF025E5001707D2 /* libGLEW.a in Frameworks */ = {isa = PBXBuildFile; fileRef = C34521621BF025E5001707D2 /* libGLEW.a */; };
		C34521691BF025E5001707D2 /* libpng15.a in Frameworks */ = {isa = PBXBuildFile; fileRef = C34521631BF025E5001707D2 /* libpng15.a */; };
		C345216A1BF025E5001707D2 /* libz.a in Frameworks */ = {isa = PBXBuildFile; fileRef = C34521641BF025E5001707D2 /* libz.a */; };
		C3D30B901BF02BEC009AAACD /* fonts in Copy Files */ = {isa = PBXBuildFile; fileRef = C3D30B8F1BF02BE5009AAACD /* fonts */; };
/* End PBXBuildFile section */

/* Begin PBXContainerItemProxy section */
		1612C991207A807000862A3A /* PBXContainerItemProxy */ = {
			isa = PBXContainerItemProxy;
			containerPortal = 1612C98C207A807000862A3A /* libprojectM.xcodeproj */;
			proxyType = 2;
			remoteGlobalIDString = 16178B12207A6F4000D3B0C8;
			remoteInfo = Renderer;
		};
		1612C993207A807000862A3A /* PBXContainerItemProxy */ = {
			isa = PBXContainerItemProxy;
			containerPortal = 1612C98C207A807000862A3A /* libprojectM.xcodeproj */;
			proxyType = 2;
			remoteGlobalIDString = 16A49E57207A7C8C00E508EA;
			remoteInfo = projectM;
		};
		1612C999207A80B800862A3A /* PBXContainerItemProxy */ = {
			isa = PBXContainerItemProxy;
			containerPortal = 1612C98C207A807000862A3A /* libprojectM.xcodeproj */;
			proxyType = 1;
			remoteGlobalIDString = 16A49E56207A7C8C00E508EA;
			remoteInfo = projectM;
		};
		1612C9D6207A85BD00862A3A /* PBXContainerItemProxy */ = {
			isa = PBXContainerItemProxy;
			containerPortal = 1612C98C207A807000862A3A /* libprojectM.xcodeproj */;
			proxyType = 1;
			remoteGlobalIDString = 16178B11207A6F4000D3B0C8;
			remoteInfo = Renderer;
		};
		1612C9D8207A85BD00862A3A /* PBXContainerItemProxy */ = {
			isa = PBXContainerItemProxy;
			containerPortal = 1612C98C207A807000862A3A /* libprojectM.xcodeproj */;
			proxyType = 1;
			remoteGlobalIDString = 1612C9A3207A855D00862A3A;
			remoteInfo = MilkdropPresetFactory;
		};
		1612C9DA207A85BD00862A3A /* PBXContainerItemProxy */ = {
			isa = PBXContainerItemProxy;
			containerPortal = 1612C98C207A807000862A3A /* libprojectM.xcodeproj */;
			proxyType = 1;
			remoteGlobalIDString = 1612C9AB207A856A00862A3A;
			remoteInfo = NativePresetFactory;
		};
		1612C9DE207A85BD00862A3A /* PBXContainerItemProxy */ = {
			isa = PBXContainerItemProxy;
			containerPortal = 1612C98C207A807000862A3A /* libprojectM.xcodeproj */;
			proxyType = 2;
			remoteGlobalIDString = 1612C9A4207A855D00862A3A;
			remoteInfo = MilkdropPresetFactory;
		};
		1612C9E0207A85BD00862A3A /* PBXContainerItemProxy */ = {
			isa = PBXContainerItemProxy;
			containerPortal = 1612C98C207A807000862A3A /* libprojectM.xcodeproj */;
			proxyType = 2;
			remoteGlobalIDString = 1612C9AC207A856A00862A3A;
			remoteInfo = NativePresetFactory;
		};
/* End PBXContainerItemProxy section */

/* Begin PBXCopyFilesBuildPhase section */
		161070C81F704047001905AB /* CopyFiles */ = {
			isa = PBXCopyFilesBuildPhase;
			buildActionMask = 2147483647;
			dstPath = "";
			dstSubfolderSpec = 10;
			files = (
				16A42142207817AE006F30CE /* Cg.framework in CopyFiles */,
			);
			runOnlyForDeploymentPostprocessing = 0;
		};
		C34521421BF02293001707D2 /* Copy Files */ = {
			isa = PBXCopyFilesBuildPhase;
			buildActionMask = 12;
			dstPath = "";
			dstSubfolderSpec = 16;
			files = (
				C3D30B901BF02BEC009AAACD /* fonts in Copy Files */,
				C307DFD41D565B57002F6B9E /* presets in Copy Files */,
				1612CA11207A8D2F00862A3A /* shaders in Copy Files */,
			);
			name = "Copy Files";
			runOnlyForDeploymentPostprocessing = 0;
		};
/* End PBXCopyFilesBuildPhase section */

/* Begin PBXFileReference section */
		161070DC1F705069001905AB /* Cg.framework */ = {isa = PBXFileReference; lastKnownFileType = wrapper.framework; name = Cg.framework; path = ../../../../../../Library/Frameworks/Cg.framework; sourceTree = "<group>"; };
		1612C98C207A807000862A3A /* libprojectM.xcodeproj */ = {isa = PBXFileReference; lastKnownFileType = "wrapper.pb-project"; name = libprojectM.xcodeproj; path = ../libprojectM/libprojectM.xcodeproj; sourceTree = "<group>"; };
		1612CA10207A8D2400862A3A /* shaders */ = {isa = PBXFileReference; lastKnownFileType = folder; path = shaders; sourceTree = "<group>"; };
		169501FE1F7009E9008FAF86 /* pmSDL.cpp */ = {isa = PBXFileReference; fileEncoding = 4; lastKnownFileType = sourcecode.cpp.cpp; path = pmSDL.cpp; sourceTree = "<group>"; };
		169501FF1F7009E9008FAF86 /* pmSDL.hpp */ = {isa = PBXFileReference; fileEncoding = 4; lastKnownFileType = sourcecode.cpp.h; path = pmSDL.hpp; sourceTree = "<group>"; };
		C307DFD31D565B57002F6B9E /* presets */ = {isa = PBXFileReference; lastKnownFileType = folder; name = presets; path = ../../presets; sourceTree = "<group>"; };
		C34521441BF02294001707D2 /* SDLprojectM */ = {isa = PBXFileReference; explicitFileType = "compiled.mach-o.executable"; includeInIndex = 0; path = SDLprojectM; sourceTree = BUILT_PRODUCTS_DIR; };
		C345214E1BF022A5001707D2 /* projectM_SDL_main.cpp */ = {isa = PBXFileReference; fileEncoding = 4; lastKnownFileType = sourcecode.cpp.cpp; path = projectM_SDL_main.cpp; sourceTree = SOURCE_ROOT; };
		C345215B1BF025A9001707D2 /* OpenGL.framework */ = {isa = PBXFileReference; lastKnownFileType = wrapper.framework; name = OpenGL.framework; path = System/Library/Frameworks/OpenGL.framework; sourceTree = SDKROOT; };
		C345215D1BF025CF001707D2 /* CoreFoundation.framework */ = {isa = PBXFileReference; lastKnownFileType = wrapper.framework; name = CoreFoundation.framework; path = System/Library/Frameworks/CoreFoundation.framework; sourceTree = SDKROOT; };
		C345215F1BF025E5001707D2 /* libbz2.a */ = {isa = PBXFileReference; lastKnownFileType = archive.ar; name = libbz2.a; path = "../projectM-iTunes/macos/contrib/libbz2.a"; sourceTree = "<group>"; };
		C34521601BF025E5001707D2 /* libfreetype.a */ = {isa = PBXFileReference; lastKnownFileType = archive.ar; name = libfreetype.a; path = "../projectM-iTunes/macos/contrib/libfreetype.a"; sourceTree = "<group>"; };
		C34521611BF025E5001707D2 /* libftgl.a */ = {isa = PBXFileReference; lastKnownFileType = archive.ar; name = libftgl.a; path = "../projectM-iTunes/macos/contrib/libftgl.a"; sourceTree = "<group>"; };
		C34521621BF025E5001707D2 /* libGLEW.a */ = {isa = PBXFileReference; lastKnownFileType = archive.ar; name = libGLEW.a; path = "../projectM-iTunes/macos/contrib/libGLEW.a"; sourceTree = "<group>"; };
		C34521631BF025E5001707D2 /* libpng15.a */ = {isa = PBXFileReference; lastKnownFileType = archive.ar; name = libpng15.a; path = "../projectM-iTunes/macos/contrib/libpng15.a"; sourceTree = "<group>"; };
		C34521641BF025E5001707D2 /* libz.a */ = {isa = PBXFileReference; lastKnownFileType = archive.ar; name = libz.a; path = "../projectM-iTunes/macos/contrib/libz.a"; sourceTree = "<group>"; };
		C3D30B8F1BF02BE5009AAACD /* fonts */ = {isa = PBXFileReference; lastKnownFileType = folder; name = fonts; path = ../../fonts; sourceTree = "<group>"; };
/* End PBXFileReference section */

/* Begin PBXFrameworksBuildPhase section */
		C34521411BF02293001707D2 /* Frameworks */ = {
			isa = PBXFrameworksBuildPhase;
			buildActionMask = 2147483647;
			files = (
				1612C9E2207A85C100862A3A /* libMilkdropPresetFactory.a in Frameworks */,
				1612C9E3207A85C100862A3A /* libNativePresetFactory.a in Frameworks */,
				C345215E1BF025CF001707D2 /* CoreFoundation.framework in Frameworks */,
				C345215C1BF025A9001707D2 /* OpenGL.framework in Frameworks */,
				C34521651BF025E5001707D2 /* libbz2.a in Frameworks */,
				C34521661BF025E5001707D2 /* libfreetype.a in Frameworks */,
				C34521671BF025E5001707D2 /* libftgl.a in Frameworks */,
				C34521681BF025E5001707D2 /* libGLEW.a in Frameworks */,
				C34521691BF025E5001707D2 /* libpng15.a in Frameworks */,
				C345216A1BF025E5001707D2 /* libz.a in Frameworks */,
				1612C997207A80A200862A3A /* libprojectM.a in Frameworks */,
				1612C998207A80A200862A3A /* libRenderer.a in Frameworks */,
				1612C99B207A82F900862A3A /* Cg.framework in Frameworks */,
			);
			runOnlyForDeploymentPostprocessing = 0;
		};
/* End PBXFrameworksBuildPhase section */

/* Begin PBXGroup section */
		161070CE1F7041B0001905AB /* Frameworks */ = {
			isa = PBXGroup;
			children = (
				161070DC1F705069001905AB /* Cg.framework */,
				C345215D1BF025CF001707D2 /* CoreFoundation.framework */,
				C345215B1BF025A9001707D2 /* OpenGL.framework */,
			);
			name = Frameworks;
			sourceTree = "<group>";
		};
		1612C98D207A807000862A3A /* Products */ = {
			isa = PBXGroup;
			children = (
				1612C992207A807000862A3A /* libRenderer.a */,
				1612C994207A807000862A3A /* libprojectM.a */,
				1612C9DF207A85BD00862A3A /* libMilkdropPresetFactory.a */,
				1612C9E1207A85BD00862A3A /* libNativePresetFactory.a */,
			);
			name = Products;
			sourceTree = "<group>";
		};
		16A42128207802AF006F30CE /* Dependencies */ = {
			isa = PBXGroup;
			children = (
				C345215F1BF025E5001707D2 /* libbz2.a */,
				C34521601BF025E5001707D2 /* libfreetype.a */,
				C34521611BF025E5001707D2 /* libftgl.a */,
				C34521621BF025E5001707D2 /* libGLEW.a */,
				C34521631BF025E5001707D2 /* libpng15.a */,
				C34521641BF025E5001707D2 /* libz.a */,
			);
			name = Dependencies;
			sourceTree = "<group>";
		};
		C345213B1BF02293001707D2 = {
			isa = PBXGroup;
			children = (
				1612CA10207A8D2400862A3A /* shaders */,
				1612C98C207A807000862A3A /* libprojectM.xcodeproj */,
				169501FE1F7009E9008FAF86 /* pmSDL.cpp */,
				169501FF1F7009E9008FAF86 /* pmSDL.hpp */,
				C345214E1BF022A5001707D2 /* projectM_SDL_main.cpp */,
				C307DFD31D565B57002F6B9E /* presets */,
				16A42128207802AF006F30CE /* Dependencies */,
				161070CE1F7041B0001905AB /* Frameworks */,
				C34521451BF02294001707D2 /* Products */,
				C3D30B8F1BF02BE5009AAACD /* fonts */,
			);
			sourceTree = "<group>";
		};
		C34521451BF02294001707D2 /* Products */ = {
			isa = PBXGroup;
			children = (
				C34521441BF02294001707D2 /* SDLprojectM */,
			);
			name = Products;
			sourceTree = "<group>";
		};
/* End PBXGroup section */

/* Begin PBXNativeTarget section */
		C34521431BF02293001707D2 /* SDLprojectM */ = {
			isa = PBXNativeTarget;
			buildConfigurationList = C345214B1BF02294001707D2 /* Build configuration list for PBXNativeTarget "SDLprojectM" */;
			buildPhases = (
				C34521401BF02293001707D2 /* Sources */,
				C34521411BF02293001707D2 /* Frameworks */,
				C34521421BF02293001707D2 /* Copy Files */,
				161070C81F704047001905AB /* CopyFiles */,
			);
			buildRules = (
			);
			dependencies = (
				1612C9D7207A85BD00862A3A /* PBXTargetDependency */,
				1612C9D9207A85BD00862A3A /* PBXTargetDependency */,
				1612C9DB207A85BD00862A3A /* PBXTargetDependency */,
				1612C99A207A80B800862A3A /* PBXTargetDependency */,
			);
			name = SDLprojectM;
			productName = SDLprojectM;
			productReference = C34521441BF02294001707D2 /* SDLprojectM */;
			productType = "com.apple.product-type.tool";
		};
/* End PBXNativeTarget section */

/* Begin PBXProject section */
		C345213C1BF02293001707D2 /* Project object */ = {
			isa = PBXProject;
			attributes = {
				LastUpgradeCheck = 0920;
				ORGANIZATIONNAME = int80;
				TargetAttributes = {
					C34521431BF02293001707D2 = {
						CreatedOnToolsVersion = 7.1;
					};
				};
			};
			buildConfigurationList = C345213F1BF02293001707D2 /* Build configuration list for PBXProject "SDLprojectM" */;
			compatibilityVersion = "Xcode 3.2";
			developmentRegion = English;
			hasScannedForEncodings = 0;
			knownRegions = (
				en,
			);
			mainGroup = C345213B1BF02293001707D2;
			productRefGroup = C34521451BF02294001707D2 /* Products */;
			projectDirPath = "";
			projectReferences = (
				{
					ProductGroup = 1612C98D207A807000862A3A /* Products */;
					ProjectRef = 1612C98C207A807000862A3A /* libprojectM.xcodeproj */;
				},
			);
			projectRoot = "";
			targets = (
				C34521431BF02293001707D2 /* SDLprojectM */,
			);
		};
/* End PBXProject section */

/* Begin PBXReferenceProxy section */
		1612C992207A807000862A3A /* libRenderer.a */ = {
			isa = PBXReferenceProxy;
			fileType = archive.ar;
			path = libRenderer.a;
			remoteRef = 1612C991207A807000862A3A /* PBXContainerItemProxy */;
			sourceTree = BUILT_PRODUCTS_DIR;
		};
		1612C994207A807000862A3A /* libprojectM.a */ = {
			isa = PBXReferenceProxy;
			fileType = archive.ar;
			path = libprojectM.a;
			remoteRef = 1612C993207A807000862A3A /* PBXContainerItemProxy */;
			sourceTree = BUILT_PRODUCTS_DIR;
		};
		1612C9DF207A85BD00862A3A /* libMilkdropPresetFactory.a */ = {
			isa = PBXReferenceProxy;
			fileType = archive.ar;
			path = libMilkdropPresetFactory.a;
			remoteRef = 1612C9DE207A85BD00862A3A /* PBXContainerItemProxy */;
			sourceTree = BUILT_PRODUCTS_DIR;
		};
		1612C9E1207A85BD00862A3A /* libNativePresetFactory.a */ = {
			isa = PBXReferenceProxy;
			fileType = archive.ar;
			path = libNativePresetFactory.a;
			remoteRef = 1612C9E0207A85BD00862A3A /* PBXContainerItemProxy */;
			sourceTree = BUILT_PRODUCTS_DIR;
		};
/* End PBXReferenceProxy section */

/* Begin PBXSourcesBuildPhase section */
		C34521401BF02293001707D2 /* Sources */ = {
			isa = PBXSourcesBuildPhase;
			buildActionMask = 2147483647;
			files = (
				169502001F7009E9008FAF86 /* pmSDL.cpp in Sources */,
				C345214F1BF022A5001707D2 /* projectM_SDL_main.cpp in Sources */,
			);
			runOnlyForDeploymentPostprocessing = 0;
		};
/* End PBXSourcesBuildPhase section */

/* Begin PBXTargetDependency section */
		1612C99A207A80B800862A3A /* PBXTargetDependency */ = {
			isa = PBXTargetDependency;
			name = projectM;
			targetProxy = 1612C999207A80B800862A3A /* PBXContainerItemProxy */;
		};
		1612C9D7207A85BD00862A3A /* PBXTargetDependency */ = {
			isa = PBXTargetDependency;
			name = Renderer;
			targetProxy = 1612C9D6207A85BD00862A3A /* PBXContainerItemProxy */;
		};
		1612C9D9207A85BD00862A3A /* PBXTargetDependency */ = {
			isa = PBXTargetDependency;
			name = MilkdropPresetFactory;
			targetProxy = 1612C9D8207A85BD00862A3A /* PBXContainerItemProxy */;
		};
		1612C9DB207A85BD00862A3A /* PBXTargetDependency */ = {
			isa = PBXTargetDependency;
			name = NativePresetFactory;
			targetProxy = 1612C9DA207A85BD00862A3A /* PBXContainerItemProxy */;
		};
/* End PBXTargetDependency section */

/* Begin XCBuildConfiguration section */
		C34521491BF02294001707D2 /* Debug */ = {
			isa = XCBuildConfiguration;
			buildSettings = {
				CLANG_CXX_LANGUAGE_STANDARD = "gnu++0x";
				CLANG_CXX_LIBRARY = "libc++";
				CLANG_ENABLE_MODULES = YES;
				CLANG_ENABLE_OBJC_ARC = YES;
				CLANG_WARN_BLOCK_CAPTURE_AUTORELEASING = YES;
				CLANG_WARN_BOOL_CONVERSION = YES;
				CLANG_WARN_COMMA = YES;
				CLANG_WARN_CONSTANT_CONVERSION = YES;
				CLANG_WARN_DIRECT_OBJC_ISA_USAGE = YES_ERROR;
				CLANG_WARN_EMPTY_BODY = YES;
				CLANG_WARN_ENUM_CONVERSION = YES;
				CLANG_WARN_INFINITE_RECURSION = YES;
				CLANG_WARN_INT_CONVERSION = YES;
				CLANG_WARN_NON_LITERAL_NULL_CONVERSION = YES;
				CLANG_WARN_OBJC_LITERAL_CONVERSION = YES;
				CLANG_WARN_OBJC_ROOT_CLASS = YES_ERROR;
				CLANG_WARN_RANGE_LOOP_ANALYSIS = YES;
				CLANG_WARN_STRICT_PROTOTYPES = YES;
				CLANG_WARN_SUSPICIOUS_MOVE = YES;
				CLANG_WARN_UNREACHABLE_CODE = YES;
				CLANG_WARN__DUPLICATE_METHOD_MATCH = YES;
				CODE_SIGN_IDENTITY = "";
				COPY_PHASE_STRIP = NO;
				DEBUG_INFORMATION_FORMAT = dwarf;
				ENABLE_STRICT_OBJC_MSGSEND = YES;
				ENABLE_TESTABILITY = YES;
				FRAMEWORK_SEARCH_PATHS = /Library/Frameworks;
				GCC_C_LANGUAGE_STANDARD = gnu99;
				GCC_DYNAMIC_NO_PIC = NO;
				GCC_NO_COMMON_BLOCKS = YES;
				GCC_OPTIMIZATION_LEVEL = 0;
				GCC_PREPROCESSOR_DEFINITIONS = (
					"DEBUG=1",
					"$(inherited)",
				);
				GCC_WARN_64_TO_32_BIT_CONVERSION = YES;
				GCC_WARN_ABOUT_RETURN_TYPE = YES_ERROR;
				GCC_WARN_UNDECLARED_SELECTOR = YES;
				GCC_WARN_UNINITIALIZED_AUTOS = YES_AGGRESSIVE;
				GCC_WARN_UNUSED_FUNCTION = YES;
				GCC_WARN_UNUSED_VARIABLE = YES;
				HEADER_SEARCH_PATHS = (
					"$(SRCROOT)/../libprojectM",
					/usr/local/include,
				);
				LIBRARY_SEARCH_PATHS = "$(SRCROOT)/../projectM-iTunes/macos/contrib";
				MACOSX_DEPLOYMENT_TARGET = 10.11;
				MTL_ENABLE_DEBUG_INFO = YES;
				ONLY_ACTIVE_ARCH = YES;
			};
			name = Debug;
		};
		C345214A1BF02294001707D2 /* Release */ = {
			isa = XCBuildConfiguration;
			buildSettings = {
				CLANG_CXX_LANGUAGE_STANDARD = "gnu++0x";
				CLANG_CXX_LIBRARY = "libc++";
				CLANG_ENABLE_MODULES = YES;
				CLANG_ENABLE_OBJC_ARC = YES;
				CLANG_WARN_BLOCK_CAPTURE_AUTORELEASING = YES;
				CLANG_WARN_BOOL_CONVERSION = YES;
				CLANG_WARN_COMMA = YES;
				CLANG_WARN_CONSTANT_CONVERSION = YES;
				CLANG_WARN_DIRECT_OBJC_ISA_USAGE = YES_ERROR;
				CLANG_WARN_EMPTY_BODY = YES;
				CLANG_WARN_ENUM_CONVERSION = YES;
				CLANG_WARN_INFINITE_RECURSION = YES;
				CLANG_WARN_INT_CONVERSION = YES;
				CLANG_WARN_NON_LITERAL_NULL_CONVERSION = YES;
				CLANG_WARN_OBJC_LITERAL_CONVERSION = YES;
				CLANG_WARN_OBJC_ROOT_CLASS = YES_ERROR;
				CLANG_WARN_RANGE_LOOP_ANALYSIS = YES;
				CLANG_WARN_STRICT_PROTOTYPES = YES;
				CLANG_WARN_SUSPICIOUS_MOVE = YES;
				CLANG_WARN_UNREACHABLE_CODE = YES;
				CLANG_WARN__DUPLICATE_METHOD_MATCH = YES;
				CODE_SIGN_IDENTITY = "";
				COPY_PHASE_STRIP = NO;
				DEBUG_INFORMATION_FORMAT = "dwarf-with-dsym";
				ENABLE_NS_ASSERTIONS = NO;
				ENABLE_STRICT_OBJC_MSGSEND = YES;
				FRAMEWORK_SEARCH_PATHS = /Library/Frameworks;
				GCC_C_LANGUAGE_STANDARD = gnu99;
				GCC_NO_COMMON_BLOCKS = YES;
				GCC_WARN_64_TO_32_BIT_CONVERSION = YES;
				GCC_WARN_ABOUT_RETURN_TYPE = YES_ERROR;
				GCC_WARN_UNDECLARED_SELECTOR = YES;
				GCC_WARN_UNINITIALIZED_AUTOS = YES_AGGRESSIVE;
				GCC_WARN_UNUSED_FUNCTION = YES;
				GCC_WARN_UNUSED_VARIABLE = YES;
				HEADER_SEARCH_PATHS = (
					"$(SRCROOT)/../libprojectM",
					/usr/local/include,
				);
				LIBRARY_SEARCH_PATHS = "$(SRCROOT)/../projectM-iTunes/macos/contrib";
				MACOSX_DEPLOYMENT_TARGET = 10.11;
				MTL_ENABLE_DEBUG_INFO = NO;
			};
			name = Release;
		};
		C345214C1BF02294001707D2 /* Debug */ = {
			isa = XCBuildConfiguration;
			buildSettings = {
				GCC_LINK_WITH_DYNAMIC_LIBRARIES = YES;
				OTHER_LDFLAGS = (
					"-framework",
					SDL2,
				);
				PRODUCT_NAME = "$(TARGET_NAME)";
			};
			name = Debug;
		};
		C345214D1BF02294001707D2 /* Release */ = {
			isa = XCBuildConfiguration;
			buildSettings = {
				GCC_LINK_WITH_DYNAMIC_LIBRARIES = YES;
				OTHER_LDFLAGS = (
					"-framework",
					SDL2,
				);
				PRODUCT_NAME = "$(TARGET_NAME)";
			};
			name = Release;
		};
/* End XCBuildConfiguration section */

/* Begin XCConfigurationList section */
		C345213F1BF02293001707D2 /* Build configuration list for PBXProject "SDLprojectM" */ = {
			isa = XCConfigurationList;
			buildConfigurations = (
				C34521491BF02294001707D2 /* Debug */,
				C345214A1BF02294001707D2 /* Release */,
			);
			defaultConfigurationIsVisible = 0;
			defaultConfigurationName = Release;
		};
		C345214B1BF02294001707D2 /* Build configuration list for PBXNativeTarget "SDLprojectM" */ = {
			isa = XCConfigurationList;
			buildConfigurations = (
				C345214C1BF02294001707D2 /* Debug */,
				C345214D1BF02294001707D2 /* Release */,
			);
			defaultConfigurationIsVisible = 0;
			defaultConfigurationName = Release;
		};
/* End XCConfigurationList section */
	};
	rootObject = C345213C1BF02293001707D2 /* Project object */;
}
