// !$*UTF8*$!
{
	archiveVersion = 1;
	classes = {
	};
	objectVersion = 48;
	objects = {

/* Begin PBXFileReference section */
		16178A27207A68A200D3B0C8 /* MilkdropCompatability.hpp */ = {isa = PBXFileReference; lastKnownFileType = sourcecode.cpp.h; path = MilkdropCompatability.hpp; sourceTree = "<group>"; };
		16178A28207A68A200D3B0C8 /* .DS_Store */ = {isa = PBXFileReference; lastKnownFileType = file; path = .DS_Store; sourceTree = "<group>"; };
		16178A29207A68A200D3B0C8 /* libNativePresetFactory_la-NativePresetFactory.o */ = {isa = PBXFileReference; lastKnownFileType = "compiled.mach-o.objfile"; path = "libNativePresetFactory_la-NativePresetFactory.o"; sourceTree = "<group>"; };
		16178A2A207A68A200D3B0C8 /* NativePresetFactory.cpp */ = {isa = PBXFileReference; lastKnownFileType = sourcecode.cpp.cpp; path = NativePresetFactory.cpp; sourceTree = "<group>"; };
		16178A2B207A68A200D3B0C8 /* Makefile */ = {isa = PBXFileReference; lastKnownFileType = sourcecode.make; path = Makefile; sourceTree = "<group>"; };
		16178A2C207A68A200D3B0C8 /* Makefile.am */ = {isa = PBXFileReference; lastKnownFileType = text; path = Makefile.am; sourceTree = "<group>"; };
		16178A2D207A68A200D3B0C8 /* libNativePresetFactory_la-NativePresetFactory.lo */ = {isa = PBXFileReference; lastKnownFileType = text; path = "libNativePresetFactory_la-NativePresetFactory.lo"; sourceTree = "<group>"; };
		16178A2E207A68A200D3B0C8 /* libNativePresetFactory.la */ = {isa = PBXFileReference; lastKnownFileType = text; path = libNativePresetFactory.la; sourceTree = "<group>"; };
		16178A2F207A68A200D3B0C8 /* NativePreset.hpp */ = {isa = PBXFileReference; lastKnownFileType = sourcecode.cpp.h; path = NativePreset.hpp; sourceTree = "<group>"; };
		16178A30207A68A200D3B0C8 /* .deps */ = {isa = PBXFileReference; lastKnownFileType = folder; path = .deps; sourceTree = "<group>"; };
		16178A31207A68A200D3B0C8 /* .libs */ = {isa = PBXFileReference; lastKnownFileType = folder; path = .libs; sourceTree = "<group>"; };
		16178A32207A68A200D3B0C8 /* Makefile.in */ = {isa = PBXFileReference; lastKnownFileType = text; path = Makefile.in; sourceTree = "<group>"; };
		16178A33207A68A200D3B0C8 /* NativePresetFactory.hpp */ = {isa = PBXFileReference; lastKnownFileType = sourcecode.cpp.h; path = NativePresetFactory.hpp; sourceTree = "<group>"; };
/* End PBXFileReference section */

/* Begin PBXGroup section */
		16178A21207A68A200D3B0C8 = {
			isa = PBXGroup;
			children = (
				16178A27207A68A200D3B0C8 /* MilkdropCompatability.hpp */,
				16178A28207A68A200D3B0C8 /* .DS_Store */,
				16178A29207A68A200D3B0C8 /* libNativePresetFactory_la-NativePresetFactory.o */,
				16178A2A207A68A200D3B0C8 /* NativePresetFactory.cpp */,
				16178A2B207A68A200D3B0C8 /* Makefile */,
				16178A2C207A68A200D3B0C8 /* Makefile.am */,
				16178A2D207A68A200D3B0C8 /* libNativePresetFactory_la-NativePresetFactory.lo */,
				16178A2E207A68A200D3B0C8 /* libNativePresetFactory.la */,
				16178A2F207A68A200D3B0C8 /* NativePreset.hpp */,
				16178A30207A68A200D3B0C8 /* .deps */,
				16178A31207A68A200D3B0C8 /* .libs */,
				16178A32207A68A200D3B0C8 /* Makefile.in */,
				16178A33207A68A200D3B0C8 /* NativePresetFactory.hpp */,
			);
			sourceTree = "<group>";
		};
/* End PBXGroup section */

/* Begin PBXLegacyTarget section */
		16178A26207A68A200D3B0C8 /* NativePresetFactory */ = {
			isa = PBXLegacyTarget;
			buildArgumentsString = "$(ACTION)";
			buildConfigurationList = 16178A34207A68A200D3B0C8 /* Build configuration list for PBXLegacyTarget "NativePresetFactory" */;
			buildPhases = (
			);
			buildToolPath = /usr/bin/make;
			buildWorkingDirectory = /Users/cyber/dev/projectm/src/libprojectM/NativePresetFactory;
			dependencies = (
			);
			name = NativePresetFactory;
			passBuildSettingsInEnvironment = 1;
			productName = NativePresetFactory;
		};
/* End PBXLegacyTarget section */

/* Begin PBXProject section */
		16178A22207A68A200D3B0C8 /* Project object */ = {
			isa = PBXProject;
			attributes = {
			};
			buildConfigurationList = 16178A25207A68A200D3B0C8 /* Build configuration list for PBXProject "NativePresetFactory" */;
			compatibilityVersion = "Xcode 8.0";
			developmentRegion = en;
			hasScannedForEncodings = 0;
			knownRegions = (
				en,
			);
			mainGroup = 16178A21207A68A200D3B0C8;
			projectDirPath = "";
			projectRoot = "";
			targets = (
				16178A26207A68A200D3B0C8 /* NativePresetFactory */,
			);
		};
/* End PBXProject section */

/* Begin XCBuildConfiguration section */
		16178A23207A68A200D3B0C8 /* Debug */ = {
			isa = XCBuildConfiguration;
			buildSettings = {
				ARCHS = "$(ARCHS_STANDARD_32_BIT)";
				COPY_PHASE_STRIP = NO;
				GCC_WARN_ABOUT_RETURN_TYPE = YES;
				GCC_WARN_UNUSED_VARIABLE = YES;
				ONLY_ACTIVE_ARCH = YES;
				SDKROOT = macosx10.6;
			};
			name = Debug;
		};
		16178A24207A68A200D3B0C8 /* Release */ = {
			isa = XCBuildConfiguration;
			buildSettings = {
				ARCHS = "$(ARCHS_STANDARD_32_BIT)";
				COPY_PHASE_STRIP = YES;
				GCC_WARN_ABOUT_RETURN_TYPE = YES;
				GCC_WARN_UNUSED_VARIABLE = YES;
				SDKROOT = macosx10.6;
			};
			name = Release;
		};
		16178A35207A68A200D3B0C8 /* Debug */ = {
			isa = XCBuildConfiguration;
			buildSettings = {
				COPY_PHASE_STRIP = NO;
				DEBUGGING_SYMBOLS = YES;
				GCC_DYNAMIC_NO_PIC = NO;
				GCC_ENABLE_FIX_AND_CONTINUE = YES;
				GCC_GENERATE_DEBUGGING_SYMBOLS = YES;
				GCC_OPTIMIZATION_LEVEL = 0;
				OTHER_CFLAGS = "";
				OTHER_LDFLAGS = "";
				PRODUCT_NAME = NativePresetFactory;
			};
			name = Debug;
		};
		16178A36207A68A200D3B0C8 /* Release */ = {
			isa = XCBuildConfiguration;
			buildSettings = {
				COPY_PHASE_STRIP = YES;
				DEBUG_INFORMATION_FORMAT = "dwarf-with-dsym";
				GCC_ENABLE_FIX_AND_CONTINUE = NO;
				OTHER_CFLAGS = "";
				OTHER_LDFLAGS = "";
				PRODUCT_NAME = NativePresetFactory;
			};
			name = Release;
		};
/* End XCBuildConfiguration section */

/* Begin XCConfigurationList section */
		16178A25207A68A200D3B0C8 /* Build configuration list for PBXProject "NativePresetFactory" */ = {
			isa = XCConfigurationList;
			buildConfigurations = (
				16178A23207A68A200D3B0C8 /* Debug */,
				16178A24207A68A200D3B0C8 /* Release */,
			);
			defaultConfigurationIsVisible = 0;
			defaultConfigurationName = Release;
		};
		16178A34207A68A200D3B0C8 /* Build configuration list for PBXLegacyTarget "NativePresetFactory" */ = {
			isa = XCConfigurationList;
			buildConfigurations = (
				16178A35207A68A200D3B0C8 /* Debug */,
				16178A36207A68A200D3B0C8 /* Release */,
			);
			defaultConfigurationIsVisible = 0;
			defaultConfigurationName = Release;
		};
/* End XCConfigurationList section */
	};
	rootObject = 16178A22207A68A200D3B0C8 /* Project object */;
}
